// !$*UTF8*$!
{
	archiveVersion = 1;
	classes = {
	};
	objectVersion = 56;
	objects = {

/* Begin PBXBuildFile section */
		B822CA022C6C70C000FAA59E /* AppDelegate.swift in Sources */ = {isa = PBXBuildFile; fileRef = B822CA012C6C70C000FAA59E /* AppDelegate.swift */; };
		B822CA042C6C70C000FAA59E /* SceneDelegate.swift in Sources */ = {isa = PBXBuildFile; fileRef = B822CA032C6C70C000FAA59E /* SceneDelegate.swift */; };
		B822CA0B2C6C70C200FAA59E /* Assets.xcassets in Resources */ = {isa = PBXBuildFile; fileRef = B822CA0A2C6C70C200FAA59E /* Assets.xcassets */; };
		B822CA0E2C6C70C200FAA59E /* Base in Resources */ = {isa = PBXBuildFile; fileRef = B822CA0D2C6C70C200FAA59E /* Base */; };
		B822CA162C6C70D000FAA59E /* .gitignore in Resources */ = {isa = PBXBuildFile; fileRef = B822CA152C6C70D000FAA59E /* .gitignore */; };
		B822CA182C6C711200FAA59E /* APIInfo.swift in Sources */ = {isa = PBXBuildFile; fileRef = B822CA172C6C711200FAA59E /* APIInfo.swift */; };
		B822CA1B2C6C71B000FAA59E /* Alamofire in Frameworks */ = {isa = PBXBuildFile; productRef = B822CA1A2C6C71B000FAA59E /* Alamofire */; };
		B822CA1E2C6C71BD00FAA59E /* Kingfisher in Frameworks */ = {isa = PBXBuildFile; productRef = B822CA1D2C6C71BD00FAA59E /* Kingfisher */; };
		B822CA212C6C71C500FAA59E /* Toast in Frameworks */ = {isa = PBXBuildFile; productRef = B822CA202C6C71C500FAA59E /* Toast */; };
		B822CA242C6C71D800FAA59E /* RxCocoa in Frameworks */ = {isa = PBXBuildFile; productRef = B822CA232C6C71D800FAA59E /* RxCocoa */; };
		B822CA262C6C71D800FAA59E /* RxRelay in Frameworks */ = {isa = PBXBuildFile; productRef = B822CA252C6C71D800FAA59E /* RxRelay */; };
		B822CA282C6C71D800FAA59E /* RxSwift in Frameworks */ = {isa = PBXBuildFile; productRef = B822CA272C6C71D800FAA59E /* RxSwift */; };
		B822CA2B2C6C71ED00FAA59E /* Differentiator in Frameworks */ = {isa = PBXBuildFile; productRef = B822CA2A2C6C71ED00FAA59E /* Differentiator */; };
		B822CA2D2C6C71ED00FAA59E /* RxDataSources in Frameworks */ = {isa = PBXBuildFile; productRef = B822CA2C2C6C71ED00FAA59E /* RxDataSources */; };
		B822CA302C6C71F700FAA59E /* IQKeyboardManagerSwift in Frameworks */ = {isa = PBXBuildFile; productRef = B822CA2F2C6C71F700FAA59E /* IQKeyboardManagerSwift */; };
		B822CA402C6C760000FAA59E /* BaseVC.swift in Sources */ = {isa = PBXBuildFile; fileRef = B822CA3F2C6C75FF00FAA59E /* BaseVC.swift */; };
		B822CA422C6C760400FAA59E /* BaseVM.swift in Sources */ = {isa = PBXBuildFile; fileRef = B822CA412C6C760400FAA59E /* BaseVM.swift */; };
		B822CA442C6C763A00FAA59E /* Cell+Extension.swift in Sources */ = {isa = PBXBuildFile; fileRef = B822CA432C6C763A00FAA59E /* Cell+Extension.swift */; };
		B822CA462C6C764600FAA59E /* BaseCollectionViewCell.swift in Sources */ = {isa = PBXBuildFile; fileRef = B822CA452C6C764600FAA59E /* BaseCollectionViewCell.swift */; };
		B822CA482C6C764D00FAA59E /* BaseTableViewCell.swift in Sources */ = {isa = PBXBuildFile; fileRef = B822CA472C6C764D00FAA59E /* BaseTableViewCell.swift */; };
		B822CA4A2C6C793400FAA59E /* UIColor+Extension.swift in Sources */ = {isa = PBXBuildFile; fileRef = B822CA492C6C793400FAA59E /* UIColor+Extension.swift */; };
		B822CA4C2C6C796200FAA59E /* Color.swift in Sources */ = {isa = PBXBuildFile; fileRef = B822CA4B2C6C796200FAA59E /* Color.swift */; };
		B822CA4F2C6C7A1800FAA59E /* SnapKit in Frameworks */ = {isa = PBXBuildFile; productRef = B822CA4E2C6C7A1800FAA59E /* SnapKit */; };
		B822CA562C6C7BD800FAA59E /* MaruBuri-Bold.otf in Resources */ = {isa = PBXBuildFile; fileRef = B822CA512C6C7BD800FAA59E /* MaruBuri-Bold.otf */; };
		B822CA572C6C7BD800FAA59E /* MaruBuri-Regular.otf in Resources */ = {isa = PBXBuildFile; fileRef = B822CA522C6C7BD800FAA59E /* MaruBuri-Regular.otf */; };
		B822CA582C6C7BD800FAA59E /* MaruBuri-ExtraLight.otf in Resources */ = {isa = PBXBuildFile; fileRef = B822CA532C6C7BD800FAA59E /* MaruBuri-ExtraLight.otf */; };
		B822CA592C6C7BD800FAA59E /* MaruBuri-SemiBold.otf in Resources */ = {isa = PBXBuildFile; fileRef = B822CA542C6C7BD800FAA59E /* MaruBuri-SemiBold.otf */; };
		B822CA5A2C6C7BD800FAA59E /* MaruBuri-Light.otf in Resources */ = {isa = PBXBuildFile; fileRef = B822CA552C6C7BD800FAA59E /* MaruBuri-Light.otf */; };
		B822CA5C2C6C7CBA00FAA59E /* Font.swift in Sources */ = {isa = PBXBuildFile; fileRef = B822CA5B2C6C7CBA00FAA59E /* Font.swift */; };
		B822CA602C6C88C600FAA59E /* SignInVC.swift in Sources */ = {isa = PBXBuildFile; fileRef = B822CA5F2C6C88C600FAA59E /* SignInVC.swift */; };
		B822CA622C6C88F100FAA59E /* BaseButton.swift in Sources */ = {isa = PBXBuildFile; fileRef = B822CA612C6C88F100FAA59E /* BaseButton.swift */; };
		B822CA642C6C8A3800FAA59E /* Localized.swift in Sources */ = {isa = PBXBuildFile; fileRef = B822CA632C6C8A3800FAA59E /* Localized.swift */; };
		B822CA662C6C8B7200FAA59E /* BaseTextField.swift in Sources */ = {isa = PBXBuildFile; fileRef = B822CA652C6C8B7200FAA59E /* BaseTextField.swift */; };
		B822CA682C6C8BA100FAA59E /* ImageAssets.swift in Sources */ = {isa = PBXBuildFile; fileRef = B822CA672C6C8BA100FAA59E /* ImageAssets.swift */; };
		B822CA6A2C6C9C8200FAA59E /* SignInVM.swift in Sources */ = {isa = PBXBuildFile; fileRef = B822CA692C6C9C8200FAA59E /* SignInVM.swift */; };
		B822CA6C2C6C9FDA00FAA59E /* SignUpVC.swift in Sources */ = {isa = PBXBuildFile; fileRef = B822CA6B2C6C9FDA00FAA59E /* SignUpVC.swift */; };
		B822CA6E2C6C9FE400FAA59E /* SignUpVM.swift in Sources */ = {isa = PBXBuildFile; fileRef = B822CA6D2C6C9FE400FAA59E /* SignUpVM.swift */; };
		B822CA702C6D8CE900FAA59E /* MainVC.swift in Sources */ = {isa = PBXBuildFile; fileRef = B822CA6F2C6D8CE900FAA59E /* MainVC.swift */; };
		B822CA722C6D8CEF00FAA59E /* MainVM.swift in Sources */ = {isa = PBXBuildFile; fileRef = B822CA712C6D8CEF00FAA59E /* MainVM.swift */; };
		B822CA742C6D8E3A00FAA59E /* UIViewController+Extension.swift in Sources */ = {isa = PBXBuildFile; fileRef = B822CA732C6D8E3A00FAA59E /* UIViewController+Extension.swift */; };
		B822CA762C6D924A00FAA59E /* MainTBC.swift in Sources */ = {isa = PBXBuildFile; fileRef = B822CA752C6D924A00FAA59E /* MainTBC.swift */; };
		B822CA782C6D92C800FAA59E /* RecipesVC.swift in Sources */ = {isa = PBXBuildFile; fileRef = B822CA772C6D92C800FAA59E /* RecipesVC.swift */; };
		B822CA7A2C6D92D900FAA59E /* ProfileVC.swift in Sources */ = {isa = PBXBuildFile; fileRef = B822CA792C6D92D900FAA59E /* ProfileVC.swift */; };
		B822CA7C2C6D995800FAA59E /* Header.swift in Sources */ = {isa = PBXBuildFile; fileRef = B822CA7B2C6D995800FAA59E /* Header.swift */; };
		B822CA7E2C6D997D00FAA59E /* UserDefaultsManager.swift in Sources */ = {isa = PBXBuildFile; fileRef = B822CA7D2C6D997D00FAA59E /* UserDefaultsManager.swift */; };
		B822CA812C6D9A8700FAA59E /* Moya in Frameworks */ = {isa = PBXBuildFile; productRef = B822CA802C6D9A8700FAA59E /* Moya */; };
		B822CA852C6D9B5200FAA59E /* UserAPI.swift in Sources */ = {isa = PBXBuildFile; fileRef = B822CA842C6D9B5200FAA59E /* UserAPI.swift */; };
		B822CA872C6D9B5E00FAA59E /* APIService.swift in Sources */ = {isa = PBXBuildFile; fileRef = B822CA862C6D9B5E00FAA59E /* APIService.swift */; };
		B822CA892C6D9B6300FAA59E /* PostAPI.swift in Sources */ = {isa = PBXBuildFile; fileRef = B822CA882C6D9B6300FAA59E /* PostAPI.swift */; };
		B822CA8D2C6D9D3700FAA59E /* UserParams.swift in Sources */ = {isa = PBXBuildFile; fileRef = B822CA8C2C6D9D3700FAA59E /* UserParams.swift */; };
		B822CA912C6DA43800FAA59E /* MoyaLoggingPlugin.swift in Sources */ = {isa = PBXBuildFile; fileRef = B822CA902C6DA43800FAA59E /* MoyaLoggingPlugin.swift */; };
		B822CA932C6DE76100FAA59E /* User.swift in Sources */ = {isa = PBXBuildFile; fileRef = B822CA922C6DE76100FAA59E /* User.swift */; };
		B822CA962C71DE8200FAA59E /* ValidationEmail.swift in Sources */ = {isa = PBXBuildFile; fileRef = B822CA952C71DE8200FAA59E /* ValidationEmail.swift */; };
		B822CA982C71F94100FAA59E /* TokenError.swift in Sources */ = {isa = PBXBuildFile; fileRef = B822CA972C71F94100FAA59E /* TokenError.swift */; };
		B822CA9C2C72548E00FAA59E /* SignUpError.swift in Sources */ = {isa = PBXBuildFile; fileRef = B822CA9B2C72548E00FAA59E /* SignUpError.swift */; };
		B835F1012C7788550006B718 /* PostTableViewSectionModel.swift in Sources */ = {isa = PBXBuildFile; fileRef = B835F1002C7788550006B718 /* PostTableViewSectionModel.swift */; };
		B835F1082C78882F0006B718 /* ValidationBirthday.swift in Sources */ = {isa = PBXBuildFile; fileRef = B835F1072C78882F0006B718 /* ValidationBirthday.swift */; };
		B835F10A2C7888A10006B718 /* ValidationPhoneNumber.swift in Sources */ = {isa = PBXBuildFile; fileRef = B835F1092C7888A10006B718 /* ValidationPhoneNumber.swift */; };
		B835F10C2C7B5A240006B718 /* CarouselLayout.swift in Sources */ = {isa = PBXBuildFile; fileRef = B835F10B2C7B5A240006B718 /* CarouselLayout.swift */; };
		B835F10F2C7B5EC30006B718 /* MainRecipeSectionModel.swift in Sources */ = {isa = PBXBuildFile; fileRef = B835F10E2C7B5EC30006B718 /* MainRecipeSectionModel.swift */; };
		B835F1112C7B5F700006B718 /* MainRecipeCollectionViewCell.swift in Sources */ = {isa = PBXBuildFile; fileRef = B835F1102C7B5F700006B718 /* MainRecipeCollectionViewCell.swift */; };
		B835F1132C7B63180006B718 /* Recipe.swift in Sources */ = {isa = PBXBuildFile; fileRef = B835F1122C7B63180006B718 /* Recipe.swift */; };
		B835F1152C7B72D10006B718 /* IconLabelView.swift in Sources */ = {isa = PBXBuildFile; fileRef = B835F1142C7B72D10006B718 /* IconLabelView.swift */; };
		B835F1172C7B87C70006B718 /* UIView+Extension.swift in Sources */ = {isa = PBXBuildFile; fileRef = B835F1162C7B87C70006B718 /* UIView+Extension.swift */; };
		B835F11C2C7B94730006B718 /* AddPostVC.swift in Sources */ = {isa = PBXBuildFile; fileRef = B835F11B2C7B94730006B718 /* AddPostVC.swift */; };
		B835F11E2C7B94790006B718 /* AddPostVM.swift in Sources */ = {isa = PBXBuildFile; fileRef = B835F11D2C7B94790006B718 /* AddPostVM.swift */; };
		B835F1262C7C32870006B718 /* BlockTextView.swift in Sources */ = {isa = PBXBuildFile; fileRef = B835F1252C7C32870006B718 /* BlockTextView.swift */; };
		B835F1292C7C47340006B718 /* RecipeIngredientView.swift in Sources */ = {isa = PBXBuildFile; fileRef = B835F1282C7C47340006B718 /* RecipeIngredientView.swift */; };
		B835F12E2C7C69CB0006B718 /* StepSectionModel.swift in Sources */ = {isa = PBXBuildFile; fileRef = B835F12D2C7C69CB0006B718 /* StepSectionModel.swift */; };
		B835F1302C7C6A7C0006B718 /* StepCollectionViewCell.swift in Sources */ = {isa = PBXBuildFile; fileRef = B835F12F2C7C6A7C0006B718 /* StepCollectionViewCell.swift */; };
		B835F1322C7C7B890006B718 /* AddStepVC.swift in Sources */ = {isa = PBXBuildFile; fileRef = B835F1312C7C7B890006B718 /* AddStepVC.swift */; };
		B835F1342C7C7B910006B718 /* AddStepVM.swift in Sources */ = {isa = PBXBuildFile; fileRef = B835F1332C7C7B910006B718 /* AddStepVM.swift */; };
		B835F1362C7CD54D0006B718 /* PostParams.swift in Sources */ = {isa = PBXBuildFile; fileRef = B835F1352C7CD54D0006B718 /* PostParams.swift */; };
		B835F1382C7D50460006B718 /* StepperView.swift in Sources */ = {isa = PBXBuildFile; fileRef = B835F1372C7D50460006B718 /* StepperView.swift */; };
		B835F14A2C7E06940006B718 /* UploadFileError.swift in Sources */ = {isa = PBXBuildFile; fileRef = B835F1492C7E06940006B718 /* UploadFileError.swift */; };
		B835F14C2C7E06A20006B718 /* UploadPostError.swift in Sources */ = {isa = PBXBuildFile; fileRef = B835F14B2C7E06A20006B718 /* UploadPostError.swift */; };
		B835F14E2C7E06AF0006B718 /* FetchUserPostError.swift in Sources */ = {isa = PBXBuildFile; fileRef = B835F14D2C7E06AF0006B718 /* FetchUserPostError.swift */; };
		B835F1502C7E13CA0006B718 /* PostListVM.swift in Sources */ = {isa = PBXBuildFile; fileRef = B835F14F2C7E13CA0006B718 /* PostListVM.swift */; };
		B83B022B2C7F385500E82F97 /* DetailPostVC.swift in Sources */ = {isa = PBXBuildFile; fileRef = B83B022A2C7F385500E82F97 /* DetailPostVC.swift */; };
		B83B022D2C7F388B00E82F97 /* DetailPostVM.swift in Sources */ = {isa = PBXBuildFile; fileRef = B83B022C2C7F388B00E82F97 /* DetailPostVM.swift */; };
		B844C6DE2C748ABA00B6F783 /* ProfileVM.swift in Sources */ = {isa = PBXBuildFile; fileRef = B844C6DD2C748ABA00B6F783 /* ProfileVM.swift */; };
		B851AA022C761B6D003901F0 /* ProfileSettingVC.swift in Sources */ = {isa = PBXBuildFile; fileRef = B851AA012C761B6D003901F0 /* ProfileSettingVC.swift */; };
		B851AA042C761B74003901F0 /* ProfileSettingVM.swift in Sources */ = {isa = PBXBuildFile; fileRef = B851AA032C761B74003901F0 /* ProfileSettingVM.swift */; };
		B851AA062C762F7C003901F0 /* ProfileSettingSectionModel.swift in Sources */ = {isa = PBXBuildFile; fileRef = B851AA052C762F7C003901F0 /* ProfileSettingSectionModel.swift */; };
		B851AA082C763ADF003901F0 /* ProfileSettingTableViewCell.swift in Sources */ = {isa = PBXBuildFile; fileRef = B851AA072C763ADF003901F0 /* ProfileSettingTableViewCell.swift */; };
		B851AA0A2C7644BB003901F0 /* ProfileDetailSettingVC.swift in Sources */ = {isa = PBXBuildFile; fileRef = B851AA092C7644BB003901F0 /* ProfileDetailSettingVC.swift */; };
		B851AA0C2C7644C3003901F0 /* ProfileDetailSettingVM.swift in Sources */ = {isa = PBXBuildFile; fileRef = B851AA0B2C7644C3003901F0 /* ProfileDetailSettingVM.swift */; };
		B851AA182C775AFE003901F0 /* Tabman in Frameworks */ = {isa = PBXBuildFile; productRef = B851AA172C775AFE003901F0 /* Tabman */; };
		B851AA1B2C775C28003901F0 /* TabVC.swift in Sources */ = {isa = PBXBuildFile; fileRef = B851AA1A2C775C28003901F0 /* TabVC.swift */; };
		B851AA1D2C775DD5003901F0 /* PostListVC.swift in Sources */ = {isa = PBXBuildFile; fileRef = B851AA1C2C775DD5003901F0 /* PostListVC.swift */; };
		B851AA1F2C775EE7003901F0 /* PostCollectionViewCell.swift in Sources */ = {isa = PBXBuildFile; fileRef = B851AA1E2C775EE7003901F0 /* PostCollectionViewCell.swift */; };
		B851AA212C775F83003901F0 /* PostSectionModel.swift in Sources */ = {isa = PBXBuildFile; fileRef = B851AA202C775F83003901F0 /* PostSectionModel.swift */; };
		B851AA232C776034003901F0 /* Post.swift in Sources */ = {isa = PBXBuildFile; fileRef = B851AA222C776034003901F0 /* Post.swift */; };
		B87333102C7EEEDD00B170D5 /* AuthInterceptor.swift in Sources */ = {isa = PBXBuildFile; fileRef = B873330F2C7EEEDD00B170D5 /* AuthInterceptor.swift */; };
		B87333122C7F196800B170D5 /* TokenPlugin.swift in Sources */ = {isa = PBXBuildFile; fileRef = B87333112C7F196800B170D5 /* TokenPlugin.swift */; };
		B87333142C7F1DB800B170D5 /* SignInError.swift in Sources */ = {isa = PBXBuildFile; fileRef = B87333132C7F1DB800B170D5 /* SignInError.swift */; };
		B87C64102C741888000880FC /* ProfileImageView.swift in Sources */ = {isa = PBXBuildFile; fileRef = B87C640F2C741888000880FC /* ProfileImageView.swift */; };
		B890F78E2C7FEBD7003EAEBE /* BookmarkViewModel.swift in Sources */ = {isa = PBXBuildFile; fileRef = B890F78D2C7FEBD7003EAEBE /* BookmarkViewModel.swift */; };
		B890F7902C7FEC6A003EAEBE /* BookmarkSectionModel.swift in Sources */ = {isa = PBXBuildFile; fileRef = B890F78F2C7FEC6A003EAEBE /* BookmarkSectionModel.swift */; };
		B8FFA99B2C7F2A8E004DCD94 /* EditProfileError.swift in Sources */ = {isa = PBXBuildFile; fileRef = B8FFA99A2C7F2A8E004DCD94 /* EditProfileError.swift */; };
/* End PBXBuildFile section */

/* Begin PBXFileReference section */
		B822C9FE2C6C70C000FAA59E /* QuickBite.app */ = {isa = PBXFileReference; explicitFileType = wrapper.application; includeInIndex = 0; path = QuickBite.app; sourceTree = BUILT_PRODUCTS_DIR; };
		B822CA012C6C70C000FAA59E /* AppDelegate.swift */ = {isa = PBXFileReference; lastKnownFileType = sourcecode.swift; path = AppDelegate.swift; sourceTree = "<group>"; };
		B822CA032C6C70C000FAA59E /* SceneDelegate.swift */ = {isa = PBXFileReference; lastKnownFileType = sourcecode.swift; path = SceneDelegate.swift; sourceTree = "<group>"; };
		B822CA0A2C6C70C200FAA59E /* Assets.xcassets */ = {isa = PBXFileReference; lastKnownFileType = folder.assetcatalog; path = Assets.xcassets; sourceTree = "<group>"; };
		B822CA0D2C6C70C200FAA59E /* Base */ = {isa = PBXFileReference; lastKnownFileType = file.storyboard; name = Base; path = Base.lproj/LaunchScreen.storyboard; sourceTree = "<group>"; };
		B822CA0F2C6C70C200FAA59E /* Info.plist */ = {isa = PBXFileReference; lastKnownFileType = text.plist.xml; path = Info.plist; sourceTree = "<group>"; };
		B822CA152C6C70D000FAA59E /* .gitignore */ = {isa = PBXFileReference; lastKnownFileType = text; path = .gitignore; sourceTree = "<group>"; };
		B822CA172C6C711200FAA59E /* APIInfo.swift */ = {isa = PBXFileReference; lastKnownFileType = sourcecode.swift; path = APIInfo.swift; sourceTree = "<group>"; };
		B822CA3F2C6C75FF00FAA59E /* BaseVC.swift */ = {isa = PBXFileReference; lastKnownFileType = sourcecode.swift; path = BaseVC.swift; sourceTree = "<group>"; };
		B822CA412C6C760400FAA59E /* BaseVM.swift */ = {isa = PBXFileReference; lastKnownFileType = sourcecode.swift; path = BaseVM.swift; sourceTree = "<group>"; };
		B822CA432C6C763A00FAA59E /* Cell+Extension.swift */ = {isa = PBXFileReference; lastKnownFileType = sourcecode.swift; path = "Cell+Extension.swift"; sourceTree = "<group>"; };
		B822CA452C6C764600FAA59E /* BaseCollectionViewCell.swift */ = {isa = PBXFileReference; lastKnownFileType = sourcecode.swift; path = BaseCollectionViewCell.swift; sourceTree = "<group>"; };
		B822CA472C6C764D00FAA59E /* BaseTableViewCell.swift */ = {isa = PBXFileReference; lastKnownFileType = sourcecode.swift; path = BaseTableViewCell.swift; sourceTree = "<group>"; };
		B822CA492C6C793400FAA59E /* UIColor+Extension.swift */ = {isa = PBXFileReference; lastKnownFileType = sourcecode.swift; path = "UIColor+Extension.swift"; sourceTree = "<group>"; };
		B822CA4B2C6C796200FAA59E /* Color.swift */ = {isa = PBXFileReference; lastKnownFileType = sourcecode.swift; path = Color.swift; sourceTree = "<group>"; };
		B822CA512C6C7BD800FAA59E /* MaruBuri-Bold.otf */ = {isa = PBXFileReference; lastKnownFileType = file; path = "MaruBuri-Bold.otf"; sourceTree = "<group>"; };
		B822CA522C6C7BD800FAA59E /* MaruBuri-Regular.otf */ = {isa = PBXFileReference; lastKnownFileType = file; path = "MaruBuri-Regular.otf"; sourceTree = "<group>"; };
		B822CA532C6C7BD800FAA59E /* MaruBuri-ExtraLight.otf */ = {isa = PBXFileReference; lastKnownFileType = file; path = "MaruBuri-ExtraLight.otf"; sourceTree = "<group>"; };
		B822CA542C6C7BD800FAA59E /* MaruBuri-SemiBold.otf */ = {isa = PBXFileReference; lastKnownFileType = file; path = "MaruBuri-SemiBold.otf"; sourceTree = "<group>"; };
		B822CA552C6C7BD800FAA59E /* MaruBuri-Light.otf */ = {isa = PBXFileReference; lastKnownFileType = file; path = "MaruBuri-Light.otf"; sourceTree = "<group>"; };
		B822CA5B2C6C7CBA00FAA59E /* Font.swift */ = {isa = PBXFileReference; lastKnownFileType = sourcecode.swift; path = Font.swift; sourceTree = "<group>"; };
		B822CA5F2C6C88C600FAA59E /* SignInVC.swift */ = {isa = PBXFileReference; lastKnownFileType = sourcecode.swift; path = SignInVC.swift; sourceTree = "<group>"; };
		B822CA612C6C88F100FAA59E /* BaseButton.swift */ = {isa = PBXFileReference; lastKnownFileType = sourcecode.swift; path = BaseButton.swift; sourceTree = "<group>"; };
		B822CA632C6C8A3800FAA59E /* Localized.swift */ = {isa = PBXFileReference; lastKnownFileType = sourcecode.swift; path = Localized.swift; sourceTree = "<group>"; };
		B822CA652C6C8B7200FAA59E /* BaseTextField.swift */ = {isa = PBXFileReference; lastKnownFileType = sourcecode.swift; path = BaseTextField.swift; sourceTree = "<group>"; };
		B822CA672C6C8BA100FAA59E /* ImageAssets.swift */ = {isa = PBXFileReference; lastKnownFileType = sourcecode.swift; path = ImageAssets.swift; sourceTree = "<group>"; };
		B822CA692C6C9C8200FAA59E /* SignInVM.swift */ = {isa = PBXFileReference; lastKnownFileType = sourcecode.swift; path = SignInVM.swift; sourceTree = "<group>"; };
		B822CA6B2C6C9FDA00FAA59E /* SignUpVC.swift */ = {isa = PBXFileReference; lastKnownFileType = sourcecode.swift; path = SignUpVC.swift; sourceTree = "<group>"; };
		B822CA6D2C6C9FE400FAA59E /* SignUpVM.swift */ = {isa = PBXFileReference; lastKnownFileType = sourcecode.swift; path = SignUpVM.swift; sourceTree = "<group>"; };
		B822CA6F2C6D8CE900FAA59E /* MainVC.swift */ = {isa = PBXFileReference; lastKnownFileType = sourcecode.swift; path = MainVC.swift; sourceTree = "<group>"; };
		B822CA712C6D8CEF00FAA59E /* MainVM.swift */ = {isa = PBXFileReference; lastKnownFileType = sourcecode.swift; path = MainVM.swift; sourceTree = "<group>"; };
		B822CA732C6D8E3A00FAA59E /* UIViewController+Extension.swift */ = {isa = PBXFileReference; lastKnownFileType = sourcecode.swift; path = "UIViewController+Extension.swift"; sourceTree = "<group>"; };
		B822CA752C6D924A00FAA59E /* MainTBC.swift */ = {isa = PBXFileReference; lastKnownFileType = sourcecode.swift; path = MainTBC.swift; sourceTree = "<group>"; };
		B822CA772C6D92C800FAA59E /* RecipesVC.swift */ = {isa = PBXFileReference; lastKnownFileType = sourcecode.swift; path = RecipesVC.swift; sourceTree = "<group>"; };
		B822CA792C6D92D900FAA59E /* ProfileVC.swift */ = {isa = PBXFileReference; lastKnownFileType = sourcecode.swift; path = ProfileVC.swift; sourceTree = "<group>"; };
		B822CA7B2C6D995800FAA59E /* Header.swift */ = {isa = PBXFileReference; lastKnownFileType = sourcecode.swift; path = Header.swift; sourceTree = "<group>"; };
		B822CA7D2C6D997D00FAA59E /* UserDefaultsManager.swift */ = {isa = PBXFileReference; lastKnownFileType = sourcecode.swift; path = UserDefaultsManager.swift; sourceTree = "<group>"; };
		B822CA842C6D9B5200FAA59E /* UserAPI.swift */ = {isa = PBXFileReference; lastKnownFileType = sourcecode.swift; path = UserAPI.swift; sourceTree = "<group>"; };
		B822CA862C6D9B5E00FAA59E /* APIService.swift */ = {isa = PBXFileReference; lastKnownFileType = sourcecode.swift; path = APIService.swift; sourceTree = "<group>"; };
		B822CA882C6D9B6300FAA59E /* PostAPI.swift */ = {isa = PBXFileReference; lastKnownFileType = sourcecode.swift; path = PostAPI.swift; sourceTree = "<group>"; };
		B822CA8C2C6D9D3700FAA59E /* UserParams.swift */ = {isa = PBXFileReference; lastKnownFileType = sourcecode.swift; path = UserParams.swift; sourceTree = "<group>"; };
		B822CA902C6DA43800FAA59E /* MoyaLoggingPlugin.swift */ = {isa = PBXFileReference; lastKnownFileType = sourcecode.swift; path = MoyaLoggingPlugin.swift; sourceTree = "<group>"; };
		B822CA922C6DE76100FAA59E /* User.swift */ = {isa = PBXFileReference; lastKnownFileType = sourcecode.swift; path = User.swift; sourceTree = "<group>"; };
		B822CA952C71DE8200FAA59E /* ValidationEmail.swift */ = {isa = PBXFileReference; lastKnownFileType = sourcecode.swift; path = ValidationEmail.swift; sourceTree = "<group>"; };
		B822CA972C71F94100FAA59E /* TokenError.swift */ = {isa = PBXFileReference; lastKnownFileType = sourcecode.swift; path = TokenError.swift; sourceTree = "<group>"; };
		B822CA9B2C72548E00FAA59E /* SignUpError.swift */ = {isa = PBXFileReference; lastKnownFileType = sourcecode.swift; path = SignUpError.swift; sourceTree = "<group>"; };
		B835F1002C7788550006B718 /* PostTableViewSectionModel.swift */ = {isa = PBXFileReference; lastKnownFileType = sourcecode.swift; path = PostTableViewSectionModel.swift; sourceTree = "<group>"; };
		B835F1072C78882F0006B718 /* ValidationBirthday.swift */ = {isa = PBXFileReference; lastKnownFileType = sourcecode.swift; path = ValidationBirthday.swift; sourceTree = "<group>"; };
		B835F1092C7888A10006B718 /* ValidationPhoneNumber.swift */ = {isa = PBXFileReference; lastKnownFileType = sourcecode.swift; path = ValidationPhoneNumber.swift; sourceTree = "<group>"; };
		B835F10B2C7B5A240006B718 /* CarouselLayout.swift */ = {isa = PBXFileReference; lastKnownFileType = sourcecode.swift; path = CarouselLayout.swift; sourceTree = "<group>"; };
		B835F10E2C7B5EC30006B718 /* MainRecipeSectionModel.swift */ = {isa = PBXFileReference; lastKnownFileType = sourcecode.swift; path = MainRecipeSectionModel.swift; sourceTree = "<group>"; };
		B835F1102C7B5F700006B718 /* MainRecipeCollectionViewCell.swift */ = {isa = PBXFileReference; lastKnownFileType = sourcecode.swift; path = MainRecipeCollectionViewCell.swift; sourceTree = "<group>"; };
		B835F1122C7B63180006B718 /* Recipe.swift */ = {isa = PBXFileReference; lastKnownFileType = sourcecode.swift; path = Recipe.swift; sourceTree = "<group>"; };
		B835F1142C7B72D10006B718 /* IconLabelView.swift */ = {isa = PBXFileReference; lastKnownFileType = sourcecode.swift; path = IconLabelView.swift; sourceTree = "<group>"; };
		B835F1162C7B87C70006B718 /* UIView+Extension.swift */ = {isa = PBXFileReference; lastKnownFileType = sourcecode.swift; path = "UIView+Extension.swift"; sourceTree = "<group>"; };
		B835F11B2C7B94730006B718 /* AddPostVC.swift */ = {isa = PBXFileReference; lastKnownFileType = sourcecode.swift; path = AddPostVC.swift; sourceTree = "<group>"; };
		B835F11D2C7B94790006B718 /* AddPostVM.swift */ = {isa = PBXFileReference; lastKnownFileType = sourcecode.swift; path = AddPostVM.swift; sourceTree = "<group>"; };
		B835F1252C7C32870006B718 /* BlockTextView.swift */ = {isa = PBXFileReference; lastKnownFileType = sourcecode.swift; path = BlockTextView.swift; sourceTree = "<group>"; };
		B835F1282C7C47340006B718 /* RecipeIngredientView.swift */ = {isa = PBXFileReference; lastKnownFileType = sourcecode.swift; path = RecipeIngredientView.swift; sourceTree = "<group>"; };
		B835F12D2C7C69CB0006B718 /* StepSectionModel.swift */ = {isa = PBXFileReference; lastKnownFileType = sourcecode.swift; path = StepSectionModel.swift; sourceTree = "<group>"; };
		B835F12F2C7C6A7C0006B718 /* StepCollectionViewCell.swift */ = {isa = PBXFileReference; lastKnownFileType = sourcecode.swift; path = StepCollectionViewCell.swift; sourceTree = "<group>"; };
		B835F1312C7C7B890006B718 /* AddStepVC.swift */ = {isa = PBXFileReference; lastKnownFileType = sourcecode.swift; path = AddStepVC.swift; sourceTree = "<group>"; };
		B835F1332C7C7B910006B718 /* AddStepVM.swift */ = {isa = PBXFileReference; lastKnownFileType = sourcecode.swift; path = AddStepVM.swift; sourceTree = "<group>"; };
		B835F1352C7CD54D0006B718 /* PostParams.swift */ = {isa = PBXFileReference; lastKnownFileType = sourcecode.swift; path = PostParams.swift; sourceTree = "<group>"; };
		B835F1372C7D50460006B718 /* StepperView.swift */ = {isa = PBXFileReference; lastKnownFileType = sourcecode.swift; path = StepperView.swift; sourceTree = "<group>"; };
		B835F1492C7E06940006B718 /* UploadFileError.swift */ = {isa = PBXFileReference; lastKnownFileType = sourcecode.swift; path = UploadFileError.swift; sourceTree = "<group>"; };
		B835F14B2C7E06A20006B718 /* UploadPostError.swift */ = {isa = PBXFileReference; lastKnownFileType = sourcecode.swift; path = UploadPostError.swift; sourceTree = "<group>"; };
		B835F14D2C7E06AF0006B718 /* FetchUserPostError.swift */ = {isa = PBXFileReference; lastKnownFileType = sourcecode.swift; path = FetchUserPostError.swift; sourceTree = "<group>"; };
		B835F14F2C7E13CA0006B718 /* PostListVM.swift */ = {isa = PBXFileReference; lastKnownFileType = sourcecode.swift; path = PostListVM.swift; sourceTree = "<group>"; };
		B83B022A2C7F385500E82F97 /* DetailPostVC.swift */ = {isa = PBXFileReference; lastKnownFileType = sourcecode.swift; path = DetailPostVC.swift; sourceTree = "<group>"; };
		B83B022C2C7F388B00E82F97 /* DetailPostVM.swift */ = {isa = PBXFileReference; lastKnownFileType = sourcecode.swift; path = DetailPostVM.swift; sourceTree = "<group>"; };
		B844C6DD2C748ABA00B6F783 /* ProfileVM.swift */ = {isa = PBXFileReference; lastKnownFileType = sourcecode.swift; path = ProfileVM.swift; sourceTree = "<group>"; };
		B851AA012C761B6D003901F0 /* ProfileSettingVC.swift */ = {isa = PBXFileReference; lastKnownFileType = sourcecode.swift; path = ProfileSettingVC.swift; sourceTree = "<group>"; };
		B851AA032C761B74003901F0 /* ProfileSettingVM.swift */ = {isa = PBXFileReference; lastKnownFileType = sourcecode.swift; path = ProfileSettingVM.swift; sourceTree = "<group>"; };
		B851AA052C762F7C003901F0 /* ProfileSettingSectionModel.swift */ = {isa = PBXFileReference; lastKnownFileType = sourcecode.swift; path = ProfileSettingSectionModel.swift; sourceTree = "<group>"; };
		B851AA072C763ADF003901F0 /* ProfileSettingTableViewCell.swift */ = {isa = PBXFileReference; lastKnownFileType = sourcecode.swift; path = ProfileSettingTableViewCell.swift; sourceTree = "<group>"; };
		B851AA092C7644BB003901F0 /* ProfileDetailSettingVC.swift */ = {isa = PBXFileReference; lastKnownFileType = sourcecode.swift; path = ProfileDetailSettingVC.swift; sourceTree = "<group>"; };
		B851AA0B2C7644C3003901F0 /* ProfileDetailSettingVM.swift */ = {isa = PBXFileReference; lastKnownFileType = sourcecode.swift; path = ProfileDetailSettingVM.swift; sourceTree = "<group>"; };
		B851AA1A2C775C28003901F0 /* TabVC.swift */ = {isa = PBXFileReference; lastKnownFileType = sourcecode.swift; path = TabVC.swift; sourceTree = "<group>"; };
		B851AA1C2C775DD5003901F0 /* PostListVC.swift */ = {isa = PBXFileReference; lastKnownFileType = sourcecode.swift; path = PostListVC.swift; sourceTree = "<group>"; };
		B851AA1E2C775EE7003901F0 /* PostCollectionViewCell.swift */ = {isa = PBXFileReference; lastKnownFileType = sourcecode.swift; path = PostCollectionViewCell.swift; sourceTree = "<group>"; };
		B851AA202C775F83003901F0 /* PostSectionModel.swift */ = {isa = PBXFileReference; lastKnownFileType = sourcecode.swift; path = PostSectionModel.swift; sourceTree = "<group>"; };
		B851AA222C776034003901F0 /* Post.swift */ = {isa = PBXFileReference; lastKnownFileType = sourcecode.swift; path = Post.swift; sourceTree = "<group>"; };
		B873330F2C7EEEDD00B170D5 /* AuthInterceptor.swift */ = {isa = PBXFileReference; lastKnownFileType = sourcecode.swift; path = AuthInterceptor.swift; sourceTree = "<group>"; };
		B87333112C7F196800B170D5 /* TokenPlugin.swift */ = {isa = PBXFileReference; lastKnownFileType = sourcecode.swift; path = TokenPlugin.swift; sourceTree = "<group>"; };
		B87333132C7F1DB800B170D5 /* SignInError.swift */ = {isa = PBXFileReference; lastKnownFileType = sourcecode.swift; path = SignInError.swift; sourceTree = "<group>"; };
		B87C640F2C741888000880FC /* ProfileImageView.swift */ = {isa = PBXFileReference; lastKnownFileType = sourcecode.swift; path = ProfileImageView.swift; sourceTree = "<group>"; };
		B890F78D2C7FEBD7003EAEBE /* BookmarkViewModel.swift */ = {isa = PBXFileReference; lastKnownFileType = sourcecode.swift; path = BookmarkViewModel.swift; sourceTree = "<group>"; };
		B890F78F2C7FEC6A003EAEBE /* BookmarkSectionModel.swift */ = {isa = PBXFileReference; lastKnownFileType = sourcecode.swift; path = BookmarkSectionModel.swift; sourceTree = "<group>"; };
		B8FFA99A2C7F2A8E004DCD94 /* EditProfileError.swift */ = {isa = PBXFileReference; lastKnownFileType = sourcecode.swift; path = EditProfileError.swift; sourceTree = "<group>"; };
/* End PBXFileReference section */

/* Begin PBXFrameworksBuildPhase section */
		B822C9FB2C6C70C000FAA59E /* Frameworks */ = {
			isa = PBXFrameworksBuildPhase;
			buildActionMask = 2147483647;
			files = (
				B822CA2B2C6C71ED00FAA59E /* Differentiator in Frameworks */,
				B822CA282C6C71D800FAA59E /* RxSwift in Frameworks */,
				B822CA262C6C71D800FAA59E /* RxRelay in Frameworks */,
				B822CA212C6C71C500FAA59E /* Toast in Frameworks */,
				B822CA1E2C6C71BD00FAA59E /* Kingfisher in Frameworks */,
				B851AA182C775AFE003901F0 /* Tabman in Frameworks */,
				B822CA812C6D9A8700FAA59E /* Moya in Frameworks */,
				B822CA302C6C71F700FAA59E /* IQKeyboardManagerSwift in Frameworks */,
				B822CA2D2C6C71ED00FAA59E /* RxDataSources in Frameworks */,
				B822CA242C6C71D800FAA59E /* RxCocoa in Frameworks */,
				B822CA1B2C6C71B000FAA59E /* Alamofire in Frameworks */,
				B822CA4F2C6C7A1800FAA59E /* SnapKit in Frameworks */,
			);
			runOnlyForDeploymentPostprocessing = 0;
		};
/* End PBXFrameworksBuildPhase section */

/* Begin PBXGroup section */
		B822C9F52C6C70C000FAA59E = {
			isa = PBXGroup;
			children = (
				B822CA152C6C70D000FAA59E /* .gitignore */,
				B822CA002C6C70C000FAA59E /* QuickBite */,
				B822C9FF2C6C70C000FAA59E /* Products */,
			);
			sourceTree = "<group>";
		};
		B822C9FF2C6C70C000FAA59E /* Products */ = {
			isa = PBXGroup;
			children = (
				B822C9FE2C6C70C000FAA59E /* QuickBite.app */,
			);
			name = Products;
			sourceTree = "<group>";
		};
		B822CA002C6C70C000FAA59E /* QuickBite */ = {
			isa = PBXGroup;
			children = (
				B835F1482C7E06870006B718 /* Error */,
				B822CA502C6C7BCA00FAA59E /* Font */,
				B822CA372C6C73D300FAA59E /* Network */,
				B822CA3B2C6C73F700FAA59E /* Model */,
				B822CA3E2C6C74AD00FAA59E /* UI */,
				B822CA3D2C6C742700FAA59E /* App */,
				B822CA3C2C6C740300FAA59E /* Abstract */,
				B822CA3A2C6C73E300FAA59E /* Extension */,
				B822CA392C6C73DF00FAA59E /* Utils */,
				B822CA382C6C73DB00FAA59E /* Custom */,
				B822CA0A2C6C70C200FAA59E /* Assets.xcassets */,
				B822CA0C2C6C70C200FAA59E /* LaunchScreen.storyboard */,
				B822CA0F2C6C70C200FAA59E /* Info.plist */,
				B822CA172C6C711200FAA59E /* APIInfo.swift */,
			);
			path = QuickBite;
			sourceTree = "<group>";
		};
		B822CA312C6C737400FAA59E /* Tab */ = {
			isa = PBXGroup;
			children = (
				B835F11A2C7B946B0006B718 /* AddPost */,
				B822CA352C6C73A200FAA59E /* Main */,
				B822CA342C6C739C00FAA59E /* Recipes */,
				B822CA362C6C73A800FAA59E /* Profile */,
			);
			path = Tab;
			sourceTree = "<group>";
		};
		B822CA322C6C737600FAA59E /* SignUp */ = {
			isa = PBXGroup;
			children = (
				B822CA6B2C6C9FDA00FAA59E /* SignUpVC.swift */,
				B822CA6D2C6C9FE400FAA59E /* SignUpVM.swift */,
			);
			path = SignUp;
			sourceTree = "<group>";
		};
		B822CA332C6C737D00FAA59E /* SignIn */ = {
			isa = PBXGroup;
			children = (
				B822CA5F2C6C88C600FAA59E /* SignInVC.swift */,
				B822CA692C6C9C8200FAA59E /* SignInVM.swift */,
			);
			path = SignIn;
			sourceTree = "<group>";
		};
		B822CA342C6C739C00FAA59E /* Recipes */ = {
			isa = PBXGroup;
			children = (
				B822CA772C6D92C800FAA59E /* RecipesVC.swift */,
			);
			path = Recipes;
			sourceTree = "<group>";
		};
		B822CA352C6C73A200FAA59E /* Main */ = {
			isa = PBXGroup;
			children = (
				B835F10D2C7B5EAC0006B718 /* Cell */,
				B822CA6F2C6D8CE900FAA59E /* MainVC.swift */,
				B822CA712C6D8CEF00FAA59E /* MainVM.swift */,
			);
			path = Main;
			sourceTree = "<group>";
		};
		B822CA362C6C73A800FAA59E /* Profile */ = {
			isa = PBXGroup;
			children = (
				B851AA192C775C1B003901F0 /* Tab */,
				B844C6DF2C74F28C00B6F783 /* Cell */,
				B822CA792C6D92D900FAA59E /* ProfileVC.swift */,
				B844C6DD2C748ABA00B6F783 /* ProfileVM.swift */,
				B851AA012C761B6D003901F0 /* ProfileSettingVC.swift */,
				B851AA032C761B74003901F0 /* ProfileSettingVM.swift */,
				B851AA092C7644BB003901F0 /* ProfileDetailSettingVC.swift */,
				B851AA0B2C7644C3003901F0 /* ProfileDetailSettingVM.swift */,
			);
			path = Profile;
			sourceTree = "<group>";
		};
		B822CA372C6C73D300FAA59E /* Network */ = {
			isa = PBXGroup;
			children = (
				B822CA8B2C6D9D2F00FAA59E /* Params */,
				B822CA8A2C6D9CE900FAA59E /* Service */,
				B822CA7B2C6D995800FAA59E /* Header.swift */,
				B822CA7D2C6D997D00FAA59E /* UserDefaultsManager.swift */,
				B822CA862C6D9B5E00FAA59E /* APIService.swift */,
				B822CA902C6DA43800FAA59E /* MoyaLoggingPlugin.swift */,
				B873330F2C7EEEDD00B170D5 /* AuthInterceptor.swift */,
			);
			path = Network;
			sourceTree = "<group>";
		};
		B822CA382C6C73DB00FAA59E /* Custom */ = {
			isa = PBXGroup;
			children = (
				B835F1282C7C47340006B718 /* RecipeIngredientView.swift */,
				B822CA612C6C88F100FAA59E /* BaseButton.swift */,
				B822CA652C6C8B7200FAA59E /* BaseTextField.swift */,
				B87C640F2C741888000880FC /* ProfileImageView.swift */,
				B835F10B2C7B5A240006B718 /* CarouselLayout.swift */,
				B835F1142C7B72D10006B718 /* IconLabelView.swift */,
				B835F1252C7C32870006B718 /* BlockTextView.swift */,
				B835F1372C7D50460006B718 /* StepperView.swift */,
			);
			path = Custom;
			sourceTree = "<group>";
		};
		B822CA392C6C73DF00FAA59E /* Utils */ = {
			isa = PBXGroup;
			children = (
				B835F1062C78881F0006B718 /* Validation */,
				B822CA4B2C6C796200FAA59E /* Color.swift */,
				B822CA5B2C6C7CBA00FAA59E /* Font.swift */,
				B822CA632C6C8A3800FAA59E /* Localized.swift */,
				B822CA672C6C8BA100FAA59E /* ImageAssets.swift */,
				B87333112C7F196800B170D5 /* TokenPlugin.swift */,
			);
			path = Utils;
			sourceTree = "<group>";
		};
		B822CA3A2C6C73E300FAA59E /* Extension */ = {
			isa = PBXGroup;
			children = (
				B822CA432C6C763A00FAA59E /* Cell+Extension.swift */,
				B822CA492C6C793400FAA59E /* UIColor+Extension.swift */,
				B822CA732C6D8E3A00FAA59E /* UIViewController+Extension.swift */,
				B835F1162C7B87C70006B718 /* UIView+Extension.swift */,
			);
			path = Extension;
			sourceTree = "<group>";
		};
		B822CA3B2C6C73F700FAA59E /* Model */ = {
			isa = PBXGroup;
			children = (
				B822CA922C6DE76100FAA59E /* User.swift */,
				B851AA222C776034003901F0 /* Post.swift */,
				B835F1122C7B63180006B718 /* Recipe.swift */,
			);
			path = Model;
			sourceTree = "<group>";
		};
		B822CA3C2C6C740300FAA59E /* Abstract */ = {
			isa = PBXGroup;
			children = (
				B822CA3F2C6C75FF00FAA59E /* BaseVC.swift */,
				B822CA412C6C760400FAA59E /* BaseVM.swift */,
				B822CA452C6C764600FAA59E /* BaseCollectionViewCell.swift */,
				B822CA472C6C764D00FAA59E /* BaseTableViewCell.swift */,
			);
			path = Abstract;
			sourceTree = "<group>";
		};
		B822CA3D2C6C742700FAA59E /* App */ = {
			isa = PBXGroup;
			children = (
				B822CA012C6C70C000FAA59E /* AppDelegate.swift */,
				B822CA032C6C70C000FAA59E /* SceneDelegate.swift */,
			);
			path = App;
			sourceTree = "<group>";
		};
		B822CA3E2C6C74AD00FAA59E /* UI */ = {
			isa = PBXGroup;
			children = (
				B822CA752C6D924A00FAA59E /* MainTBC.swift */,
				B83B02292C7F377400E82F97 /* DetailView */,
				B822CA332C6C737D00FAA59E /* SignIn */,
				B822CA322C6C737600FAA59E /* SignUp */,
				B822CA312C6C737400FAA59E /* Tab */,
			);
			path = UI;
			sourceTree = "<group>";
		};
		B822CA502C6C7BCA00FAA59E /* Font */ = {
			isa = PBXGroup;
			children = (
				B822CA512C6C7BD800FAA59E /* MaruBuri-Bold.otf */,
				B822CA532C6C7BD800FAA59E /* MaruBuri-ExtraLight.otf */,
				B822CA552C6C7BD800FAA59E /* MaruBuri-Light.otf */,
				B822CA522C6C7BD800FAA59E /* MaruBuri-Regular.otf */,
				B822CA542C6C7BD800FAA59E /* MaruBuri-SemiBold.otf */,
			);
			path = Font;
			sourceTree = "<group>";
		};
		B822CA8A2C6D9CE900FAA59E /* Service */ = {
			isa = PBXGroup;
			children = (
				B822CA842C6D9B5200FAA59E /* UserAPI.swift */,
				B822CA882C6D9B6300FAA59E /* PostAPI.swift */,
			);
			path = Service;
			sourceTree = "<group>";
		};
		B822CA8B2C6D9D2F00FAA59E /* Params */ = {
			isa = PBXGroup;
			children = (
				B822CA8C2C6D9D3700FAA59E /* UserParams.swift */,
				B835F1352C7CD54D0006B718 /* PostParams.swift */,
			);
			path = Params;
			sourceTree = "<group>";
		};
		B835F1062C78881F0006B718 /* Validation */ = {
			isa = PBXGroup;
			children = (
				B822CA952C71DE8200FAA59E /* ValidationEmail.swift */,
				B835F1072C78882F0006B718 /* ValidationBirthday.swift */,
				B835F1092C7888A10006B718 /* ValidationPhoneNumber.swift */,
			);
			path = Validation;
			sourceTree = "<group>";
		};
		B835F10D2C7B5EAC0006B718 /* Cell */ = {
			isa = PBXGroup;
			children = (
				B835F10E2C7B5EC30006B718 /* MainRecipeSectionModel.swift */,
				B835F1102C7B5F700006B718 /* MainRecipeCollectionViewCell.swift */,
				B890F78D2C7FEBD7003EAEBE /* BookmarkViewModel.swift */,
				B890F78F2C7FEC6A003EAEBE /* BookmarkSectionModel.swift */,
			);
			path = Cell;
			sourceTree = "<group>";
		};
		B835F11A2C7B946B0006B718 /* AddPost */ = {
			isa = PBXGroup;
			children = (
				B835F1272C7C46D90006B718 /* Cell */,
				B835F11B2C7B94730006B718 /* AddPostVC.swift */,
				B835F11D2C7B94790006B718 /* AddPostVM.swift */,
				B835F1312C7C7B890006B718 /* AddStepVC.swift */,
				B835F1332C7C7B910006B718 /* AddStepVM.swift */,
			);
			path = AddPost;
			sourceTree = "<group>";
		};
		B835F1272C7C46D90006B718 /* Cell */ = {
			isa = PBXGroup;
			children = (
				B835F12A2C7C49290006B718 /* DataSource */,
				B835F12F2C7C6A7C0006B718 /* StepCollectionViewCell.swift */,
			);
			path = Cell;
			sourceTree = "<group>";
		};
		B835F12A2C7C49290006B718 /* DataSource */ = {
			isa = PBXGroup;
			children = (
				B835F12D2C7C69CB0006B718 /* StepSectionModel.swift */,
			);
			path = DataSource;
			sourceTree = "<group>";
		};
		B835F1482C7E06870006B718 /* Error */ = {
			isa = PBXGroup;
			children = (
				B835F1492C7E06940006B718 /* UploadFileError.swift */,
				B835F14B2C7E06A20006B718 /* UploadPostError.swift */,
				B835F14D2C7E06AF0006B718 /* FetchUserPostError.swift */,
				B87333132C7F1DB800B170D5 /* SignInError.swift */,
				B822CA972C71F94100FAA59E /* TokenError.swift */,
				B822CA9B2C72548E00FAA59E /* SignUpError.swift */,
				B8FFA99A2C7F2A8E004DCD94 /* EditProfileError.swift */,
			);
			path = Error;
			sourceTree = "<group>";
		};
		B83B02292C7F377400E82F97 /* DetailView */ = {
			isa = PBXGroup;
			children = (
				B83B022A2C7F385500E82F97 /* DetailPostVC.swift */,
				B83B022C2C7F388B00E82F97 /* DetailPostVM.swift */,
			);
			path = DetailView;
			sourceTree = "<group>";
		};
		B844C6DF2C74F28C00B6F783 /* Cell */ = {
			isa = PBXGroup;
			children = (
				B851AA052C762F7C003901F0 /* ProfileSettingSectionModel.swift */,
				B851AA072C763ADF003901F0 /* ProfileSettingTableViewCell.swift */,
			);
			path = Cell;
			sourceTree = "<group>";
		};
		B851AA192C775C1B003901F0 /* Tab */ = {
			isa = PBXGroup;
			children = (
				B851AA1A2C775C28003901F0 /* TabVC.swift */,
				B851AA1C2C775DD5003901F0 /* PostListVC.swift */,
				B851AA1E2C775EE7003901F0 /* PostCollectionViewCell.swift */,
				B851AA202C775F83003901F0 /* PostSectionModel.swift */,
				B835F1002C7788550006B718 /* PostTableViewSectionModel.swift */,
				B835F14F2C7E13CA0006B718 /* PostListVM.swift */,
			);
			path = Tab;
			sourceTree = "<group>";
		};
/* End PBXGroup section */

/* Begin PBXNativeTarget section */
		B822C9FD2C6C70C000FAA59E /* QuickBite */ = {
			isa = PBXNativeTarget;
			buildConfigurationList = B822CA122C6C70C200FAA59E /* Build configuration list for PBXNativeTarget "QuickBite" */;
			buildPhases = (
				B822C9FA2C6C70C000FAA59E /* Sources */,
				B822C9FB2C6C70C000FAA59E /* Frameworks */,
				B822C9FC2C6C70C000FAA59E /* Resources */,
			);
			buildRules = (
			);
			dependencies = (
			);
			name = QuickBite;
			packageProductDependencies = (
				B822CA1A2C6C71B000FAA59E /* Alamofire */,
				B822CA1D2C6C71BD00FAA59E /* Kingfisher */,
				B822CA202C6C71C500FAA59E /* Toast */,
				B822CA232C6C71D800FAA59E /* RxCocoa */,
				B822CA252C6C71D800FAA59E /* RxRelay */,
				B822CA272C6C71D800FAA59E /* RxSwift */,
				B822CA2A2C6C71ED00FAA59E /* Differentiator */,
				B822CA2C2C6C71ED00FAA59E /* RxDataSources */,
				B822CA2F2C6C71F700FAA59E /* IQKeyboardManagerSwift */,
				B822CA4E2C6C7A1800FAA59E /* SnapKit */,
				B822CA802C6D9A8700FAA59E /* Moya */,
				B851AA172C775AFE003901F0 /* Tabman */,
			);
			productName = QuickBite;
			productReference = B822C9FE2C6C70C000FAA59E /* QuickBite.app */;
			productType = "com.apple.product-type.application";
		};
/* End PBXNativeTarget section */

/* Begin PBXProject section */
		B822C9F62C6C70C000FAA59E /* Project object */ = {
			isa = PBXProject;
			attributes = {
				BuildIndependentTargetsInParallel = 1;
				LastSwiftUpdateCheck = 1530;
				LastUpgradeCheck = 1530;
				TargetAttributes = {
					B822C9FD2C6C70C000FAA59E = {
						CreatedOnToolsVersion = 15.3;
					};
				};
			};
			buildConfigurationList = B822C9F92C6C70C000FAA59E /* Build configuration list for PBXProject "QuickBite" */;
			compatibilityVersion = "Xcode 14.0";
			developmentRegion = en;
			hasScannedForEncodings = 0;
			knownRegions = (
				en,
				Base,
			);
			mainGroup = B822C9F52C6C70C000FAA59E;
			packageReferences = (
				B822CA192C6C71B000FAA59E /* XCRemoteSwiftPackageReference "Alamofire" */,
				B822CA1C2C6C71BD00FAA59E /* XCRemoteSwiftPackageReference "Kingfisher" */,
				B822CA1F2C6C71C500FAA59E /* XCRemoteSwiftPackageReference "Toast-Swift" */,
				B822CA222C6C71D800FAA59E /* XCRemoteSwiftPackageReference "RxSwift" */,
				B822CA292C6C71ED00FAA59E /* XCRemoteSwiftPackageReference "RxDataSources" */,
				B822CA2E2C6C71F700FAA59E /* XCRemoteSwiftPackageReference "IQKeyboardManager" */,
				B822CA4D2C6C7A1800FAA59E /* XCRemoteSwiftPackageReference "SnapKit" */,
				B822CA7F2C6D9A8700FAA59E /* XCRemoteSwiftPackageReference "Moya" */,
				B851AA162C775AFE003901F0 /* XCRemoteSwiftPackageReference "Tabman" */,
			);
			productRefGroup = B822C9FF2C6C70C000FAA59E /* Products */;
			projectDirPath = "";
			projectRoot = "";
			targets = (
				B822C9FD2C6C70C000FAA59E /* QuickBite */,
			);
		};
/* End PBXProject section */

/* Begin PBXResourcesBuildPhase section */
		B822C9FC2C6C70C000FAA59E /* Resources */ = {
			isa = PBXResourcesBuildPhase;
			buildActionMask = 2147483647;
			files = (
				B822CA162C6C70D000FAA59E /* .gitignore in Resources */,
				B822CA562C6C7BD800FAA59E /* MaruBuri-Bold.otf in Resources */,
				B822CA0B2C6C70C200FAA59E /* Assets.xcassets in Resources */,
				B822CA592C6C7BD800FAA59E /* MaruBuri-SemiBold.otf in Resources */,
				B822CA0E2C6C70C200FAA59E /* Base in Resources */,
				B822CA5A2C6C7BD800FAA59E /* MaruBuri-Light.otf in Resources */,
				B822CA582C6C7BD800FAA59E /* MaruBuri-ExtraLight.otf in Resources */,
				B822CA572C6C7BD800FAA59E /* MaruBuri-Regular.otf in Resources */,
			);
			runOnlyForDeploymentPostprocessing = 0;
		};
/* End PBXResourcesBuildPhase section */

/* Begin PBXSourcesBuildPhase section */
		B822C9FA2C6C70C000FAA59E /* Sources */ = {
			isa = PBXSourcesBuildPhase;
			buildActionMask = 2147483647;
			files = (
				B835F1012C7788550006B718 /* PostTableViewSectionModel.swift in Sources */,
				B822CA782C6D92C800FAA59E /* RecipesVC.swift in Sources */,
				B8FFA99B2C7F2A8E004DCD94 /* EditProfileError.swift in Sources */,
				B822CA462C6C764600FAA59E /* BaseCollectionViewCell.swift in Sources */,
				B835F14A2C7E06940006B718 /* UploadFileError.swift in Sources */,
				B822CA852C6D9B5200FAA59E /* UserAPI.swift in Sources */,
				B87333102C7EEEDD00B170D5 /* AuthInterceptor.swift in Sources */,
				B822CA6A2C6C9C8200FAA59E /* SignInVM.swift in Sources */,
				B822CA662C6C8B7200FAA59E /* BaseTextField.swift in Sources */,
				B822CA4C2C6C796200FAA59E /* Color.swift in Sources */,
				B835F1302C7C6A7C0006B718 /* StepCollectionViewCell.swift in Sources */,
				B83B022D2C7F388B00E82F97 /* DetailPostVM.swift in Sources */,
				B835F1342C7C7B910006B718 /* AddStepVM.swift in Sources */,
				B835F1262C7C32870006B718 /* BlockTextView.swift in Sources */,
				B835F10C2C7B5A240006B718 /* CarouselLayout.swift in Sources */,
				B835F1322C7C7B890006B718 /* AddStepVC.swift in Sources */,
				B822CA442C6C763A00FAA59E /* Cell+Extension.swift in Sources */,
				B822CA682C6C8BA100FAA59E /* ImageAssets.swift in Sources */,
				B851AA0A2C7644BB003901F0 /* ProfileDetailSettingVC.swift in Sources */,
				B822CA7A2C6D92D900FAA59E /* ProfileVC.swift in Sources */,
				B822CA742C6D8E3A00FAA59E /* UIViewController+Extension.swift in Sources */,
				B835F11E2C7B94790006B718 /* AddPostVM.swift in Sources */,
				B822CA7E2C6D997D00FAA59E /* UserDefaultsManager.swift in Sources */,
				B822CA7C2C6D995800FAA59E /* Header.swift in Sources */,
				B822CA722C6D8CEF00FAA59E /* MainVM.swift in Sources */,
				B822CA9C2C72548E00FAA59E /* SignUpError.swift in Sources */,
				B835F12E2C7C69CB0006B718 /* StepSectionModel.swift in Sources */,
				B822CA982C71F94100FAA59E /* TokenError.swift in Sources */,
				B835F1292C7C47340006B718 /* RecipeIngredientView.swift in Sources */,
				B835F1172C7B87C70006B718 /* UIView+Extension.swift in Sources */,
				B835F10F2C7B5EC30006B718 /* MainRecipeSectionModel.swift in Sources */,
				B835F1502C7E13CA0006B718 /* PostListVM.swift in Sources */,
				B835F14E2C7E06AF0006B718 /* FetchUserPostError.swift in Sources */,
				B822CA8D2C6D9D3700FAA59E /* UserParams.swift in Sources */,
				B822CA912C6DA43800FAA59E /* MoyaLoggingPlugin.swift in Sources */,
				B835F11C2C7B94730006B718 /* AddPostVC.swift in Sources */,
				B822CA6C2C6C9FDA00FAA59E /* SignUpVC.swift in Sources */,
				B851AA1F2C775EE7003901F0 /* PostCollectionViewCell.swift in Sources */,
				B835F14C2C7E06A20006B718 /* UploadPostError.swift in Sources */,
				B822CA422C6C760400FAA59E /* BaseVM.swift in Sources */,
				B835F10A2C7888A10006B718 /* ValidationPhoneNumber.swift in Sources */,
				B851AA1B2C775C28003901F0 /* TabVC.swift in Sources */,
				B835F1152C7B72D10006B718 /* IconLabelView.swift in Sources */,
				B822CA872C6D9B5E00FAA59E /* APIService.swift in Sources */,
				B822CA892C6D9B6300FAA59E /* PostAPI.swift in Sources */,
				B890F78E2C7FEBD7003EAEBE /* BookmarkViewModel.swift in Sources */,
				B822CA602C6C88C600FAA59E /* SignInVC.swift in Sources */,
				B822CA482C6C764D00FAA59E /* BaseTableViewCell.swift in Sources */,
				B851AA0C2C7644C3003901F0 /* ProfileDetailSettingVM.swift in Sources */,
				B851AA062C762F7C003901F0 /* ProfileSettingSectionModel.swift in Sources */,
				B835F1112C7B5F700006B718 /* MainRecipeCollectionViewCell.swift in Sources */,
				B87333122C7F196800B170D5 /* TokenPlugin.swift in Sources */,
				B822CA022C6C70C000FAA59E /* AppDelegate.swift in Sources */,
				B835F1362C7CD54D0006B718 /* PostParams.swift in Sources */,
				B835F1382C7D50460006B718 /* StepperView.swift in Sources */,
				B851AA082C763ADF003901F0 /* ProfileSettingTableViewCell.swift in Sources */,
				B87333142C7F1DB800B170D5 /* SignInError.swift in Sources */,
				B822CA762C6D924A00FAA59E /* MainTBC.swift in Sources */,
				B851AA212C775F83003901F0 /* PostSectionModel.swift in Sources */,
				B835F1082C78882F0006B718 /* ValidationBirthday.swift in Sources */,
				B87C64102C741888000880FC /* ProfileImageView.swift in Sources */,
				B822CA932C6DE76100FAA59E /* User.swift in Sources */,
				B822CA182C6C711200FAA59E /* APIInfo.swift in Sources */,
				B822CA702C6D8CE900FAA59E /* MainVC.swift in Sources */,
				B822CA5C2C6C7CBA00FAA59E /* Font.swift in Sources */,
				B890F7902C7FEC6A003EAEBE /* BookmarkSectionModel.swift in Sources */,
				B83B022B2C7F385500E82F97 /* DetailPostVC.swift in Sources */,
				B851AA1D2C775DD5003901F0 /* PostListVC.swift in Sources */,
				B844C6DE2C748ABA00B6F783 /* ProfileVM.swift in Sources */,
				B822CA642C6C8A3800FAA59E /* Localized.swift in Sources */,
				B822CA622C6C88F100FAA59E /* BaseButton.swift in Sources */,
				B851AA232C776034003901F0 /* Post.swift in Sources */,
				B851AA022C761B6D003901F0 /* ProfileSettingVC.swift in Sources */,
				B822CA042C6C70C000FAA59E /* SceneDelegate.swift in Sources */,
				B851AA042C761B74003901F0 /* ProfileSettingVM.swift in Sources */,
				B822CA962C71DE8200FAA59E /* ValidationEmail.swift in Sources */,
				B835F1132C7B63180006B718 /* Recipe.swift in Sources */,
				B822CA402C6C760000FAA59E /* BaseVC.swift in Sources */,
				B822CA6E2C6C9FE400FAA59E /* SignUpVM.swift in Sources */,
				B822CA4A2C6C793400FAA59E /* UIColor+Extension.swift in Sources */,
			);
			runOnlyForDeploymentPostprocessing = 0;
		};
/* End PBXSourcesBuildPhase section */

/* Begin PBXVariantGroup section */
		B822CA0C2C6C70C200FAA59E /* LaunchScreen.storyboard */ = {
			isa = PBXVariantGroup;
			children = (
				B822CA0D2C6C70C200FAA59E /* Base */,
			);
			name = LaunchScreen.storyboard;
			sourceTree = "<group>";
		};
/* End PBXVariantGroup section */

/* Begin XCBuildConfiguration section */
		B822CA102C6C70C200FAA59E /* Debug */ = {
			isa = XCBuildConfiguration;
			buildSettings = {
				ALWAYS_SEARCH_USER_PATHS = NO;
				ASSETCATALOG_COMPILER_GENERATE_SWIFT_ASSET_SYMBOL_EXTENSIONS = YES;
				CLANG_ANALYZER_NONNULL = YES;
				CLANG_ANALYZER_NUMBER_OBJECT_CONVERSION = YES_AGGRESSIVE;
				CLANG_CXX_LANGUAGE_STANDARD = "gnu++20";
				CLANG_ENABLE_MODULES = YES;
				CLANG_ENABLE_OBJC_ARC = YES;
				CLANG_ENABLE_OBJC_WEAK = YES;
				CLANG_WARN_BLOCK_CAPTURE_AUTORELEASING = YES;
				CLANG_WARN_BOOL_CONVERSION = YES;
				CLANG_WARN_COMMA = YES;
				CLANG_WARN_CONSTANT_CONVERSION = YES;
				CLANG_WARN_DEPRECATED_OBJC_IMPLEMENTATIONS = YES;
				CLANG_WARN_DIRECT_OBJC_ISA_USAGE = YES_ERROR;
				CLANG_WARN_DOCUMENTATION_COMMENTS = YES;
				CLANG_WARN_EMPTY_BODY = YES;
				CLANG_WARN_ENUM_CONVERSION = YES;
				CLANG_WARN_INFINITE_RECURSION = YES;
				CLANG_WARN_INT_CONVERSION = YES;
				CLANG_WARN_NON_LITERAL_NULL_CONVERSION = YES;
				CLANG_WARN_OBJC_IMPLICIT_RETAIN_SELF = YES;
				CLANG_WARN_OBJC_LITERAL_CONVERSION = YES;
				CLANG_WARN_OBJC_ROOT_CLASS = YES_ERROR;
				CLANG_WARN_QUOTED_INCLUDE_IN_FRAMEWORK_HEADER = YES;
				CLANG_WARN_RANGE_LOOP_ANALYSIS = YES;
				CLANG_WARN_STRICT_PROTOTYPES = YES;
				CLANG_WARN_SUSPICIOUS_MOVE = YES;
				CLANG_WARN_UNGUARDED_AVAILABILITY = YES_AGGRESSIVE;
				CLANG_WARN_UNREACHABLE_CODE = YES;
				CLANG_WARN__DUPLICATE_METHOD_MATCH = YES;
				COPY_PHASE_STRIP = NO;
				DEBUG_INFORMATION_FORMAT = dwarf;
				ENABLE_STRICT_OBJC_MSGSEND = YES;
				ENABLE_TESTABILITY = YES;
				ENABLE_USER_SCRIPT_SANDBOXING = YES;
				GCC_C_LANGUAGE_STANDARD = gnu17;
				GCC_DYNAMIC_NO_PIC = NO;
				GCC_NO_COMMON_BLOCKS = YES;
				GCC_OPTIMIZATION_LEVEL = 0;
				GCC_PREPROCESSOR_DEFINITIONS = (
					"DEBUG=1",
					"$(inherited)",
				);
				GCC_WARN_64_TO_32_BIT_CONVERSION = YES;
				GCC_WARN_ABOUT_RETURN_TYPE = YES_ERROR;
				GCC_WARN_UNDECLARED_SELECTOR = YES;
				GCC_WARN_UNINITIALIZED_AUTOS = YES_AGGRESSIVE;
				GCC_WARN_UNUSED_FUNCTION = YES;
				GCC_WARN_UNUSED_VARIABLE = YES;
				IPHONEOS_DEPLOYMENT_TARGET = 17.4;
				LOCALIZATION_PREFERS_STRING_CATALOGS = YES;
				MTL_ENABLE_DEBUG_INFO = INCLUDE_SOURCE;
				MTL_FAST_MATH = YES;
				ONLY_ACTIVE_ARCH = YES;
				SDKROOT = iphoneos;
				SWIFT_ACTIVE_COMPILATION_CONDITIONS = "DEBUG $(inherited)";
				SWIFT_OPTIMIZATION_LEVEL = "-Onone";
			};
			name = Debug;
		};
		B822CA112C6C70C200FAA59E /* Release */ = {
			isa = XCBuildConfiguration;
			buildSettings = {
				ALWAYS_SEARCH_USER_PATHS = NO;
				ASSETCATALOG_COMPILER_GENERATE_SWIFT_ASSET_SYMBOL_EXTENSIONS = YES;
				CLANG_ANALYZER_NONNULL = YES;
				CLANG_ANALYZER_NUMBER_OBJECT_CONVERSION = YES_AGGRESSIVE;
				CLANG_CXX_LANGUAGE_STANDARD = "gnu++20";
				CLANG_ENABLE_MODULES = YES;
				CLANG_ENABLE_OBJC_ARC = YES;
				CLANG_ENABLE_OBJC_WEAK = YES;
				CLANG_WARN_BLOCK_CAPTURE_AUTORELEASING = YES;
				CLANG_WARN_BOOL_CONVERSION = YES;
				CLANG_WARN_COMMA = YES;
				CLANG_WARN_CONSTANT_CONVERSION = YES;
				CLANG_WARN_DEPRECATED_OBJC_IMPLEMENTATIONS = YES;
				CLANG_WARN_DIRECT_OBJC_ISA_USAGE = YES_ERROR;
				CLANG_WARN_DOCUMENTATION_COMMENTS = YES;
				CLANG_WARN_EMPTY_BODY = YES;
				CLANG_WARN_ENUM_CONVERSION = YES;
				CLANG_WARN_INFINITE_RECURSION = YES;
				CLANG_WARN_INT_CONVERSION = YES;
				CLANG_WARN_NON_LITERAL_NULL_CONVERSION = YES;
				CLANG_WARN_OBJC_IMPLICIT_RETAIN_SELF = YES;
				CLANG_WARN_OBJC_LITERAL_CONVERSION = YES;
				CLANG_WARN_OBJC_ROOT_CLASS = YES_ERROR;
				CLANG_WARN_QUOTED_INCLUDE_IN_FRAMEWORK_HEADER = YES;
				CLANG_WARN_RANGE_LOOP_ANALYSIS = YES;
				CLANG_WARN_STRICT_PROTOTYPES = YES;
				CLANG_WARN_SUSPICIOUS_MOVE = YES;
				CLANG_WARN_UNGUARDED_AVAILABILITY = YES_AGGRESSIVE;
				CLANG_WARN_UNREACHABLE_CODE = YES;
				CLANG_WARN__DUPLICATE_METHOD_MATCH = YES;
				COPY_PHASE_STRIP = NO;
				DEBUG_INFORMATION_FORMAT = "dwarf-with-dsym";
				ENABLE_NS_ASSERTIONS = NO;
				ENABLE_STRICT_OBJC_MSGSEND = YES;
				ENABLE_USER_SCRIPT_SANDBOXING = YES;
				GCC_C_LANGUAGE_STANDARD = gnu17;
				GCC_NO_COMMON_BLOCKS = YES;
				GCC_WARN_64_TO_32_BIT_CONVERSION = YES;
				GCC_WARN_ABOUT_RETURN_TYPE = YES_ERROR;
				GCC_WARN_UNDECLARED_SELECTOR = YES;
				GCC_WARN_UNINITIALIZED_AUTOS = YES_AGGRESSIVE;
				GCC_WARN_UNUSED_FUNCTION = YES;
				GCC_WARN_UNUSED_VARIABLE = YES;
				IPHONEOS_DEPLOYMENT_TARGET = 17.4;
				LOCALIZATION_PREFERS_STRING_CATALOGS = YES;
				MTL_ENABLE_DEBUG_INFO = NO;
				MTL_FAST_MATH = YES;
				SDKROOT = iphoneos;
				SWIFT_COMPILATION_MODE = wholemodule;
				VALIDATE_PRODUCT = YES;
			};
			name = Release;
		};
		B822CA132C6C70C200FAA59E /* Debug */ = {
			isa = XCBuildConfiguration;
			buildSettings = {
				ASSETCATALOG_COMPILER_APPICON_NAME = AppIcon;
				ASSETCATALOG_COMPILER_GLOBAL_ACCENT_COLOR_NAME = AccentColor;
				CODE_SIGN_STYLE = Automatic;
				CURRENT_PROJECT_VERSION = 1;
				DEVELOPMENT_TEAM = 9N9NGPM747;
				GENERATE_INFOPLIST_FILE = YES;
				INFOPLIST_FILE = QuickBite/Info.plist;
				INFOPLIST_KEY_CFBundleDisplayName = "한끼뚝딱";
				INFOPLIST_KEY_UIApplicationSupportsIndirectInputEvents = YES;
				INFOPLIST_KEY_UILaunchStoryboardName = LaunchScreen;
				INFOPLIST_KEY_UISupportedInterfaceOrientations_iPhone = UIInterfaceOrientationPortrait;
				LD_RUNPATH_SEARCH_PATHS = (
					"$(inherited)",
					"@executable_path/Frameworks",
				);
				MARKETING_VERSION = 1.0;
				PRODUCT_BUNDLE_IDENTIFIER = com.yeji.QuickBite;
				PRODUCT_NAME = "$(TARGET_NAME)";
				SUPPORTED_PLATFORMS = "iphoneos iphonesimulator";
				SUPPORTS_MACCATALYST = NO;
				SUPPORTS_MAC_DESIGNED_FOR_IPHONE_IPAD = NO;
				SUPPORTS_XR_DESIGNED_FOR_IPHONE_IPAD = NO;
				SWIFT_EMIT_LOC_STRINGS = YES;
				SWIFT_VERSION = 5.0;
				TARGETED_DEVICE_FAMILY = 1;
			};
			name = Debug;
		};
		B822CA142C6C70C200FAA59E /* Release */ = {
			isa = XCBuildConfiguration;
			buildSettings = {
				ASSETCATALOG_COMPILER_APPICON_NAME = AppIcon;
				ASSETCATALOG_COMPILER_GLOBAL_ACCENT_COLOR_NAME = AccentColor;
				CODE_SIGN_STYLE = Automatic;
				CURRENT_PROJECT_VERSION = 1;
				DEVELOPMENT_TEAM = 9N9NGPM747;
				GENERATE_INFOPLIST_FILE = YES;
				INFOPLIST_FILE = QuickBite/Info.plist;
				INFOPLIST_KEY_CFBundleDisplayName = "한끼뚝딱";
				INFOPLIST_KEY_UIApplicationSupportsIndirectInputEvents = YES;
				INFOPLIST_KEY_UILaunchStoryboardName = LaunchScreen;
				INFOPLIST_KEY_UISupportedInterfaceOrientations_iPhone = UIInterfaceOrientationPortrait;
				LD_RUNPATH_SEARCH_PATHS = (
					"$(inherited)",
					"@executable_path/Frameworks",
				);
				MARKETING_VERSION = 1.0;
				PRODUCT_BUNDLE_IDENTIFIER = com.yeji.QuickBite;
				PRODUCT_NAME = "$(TARGET_NAME)";
				SUPPORTED_PLATFORMS = "iphoneos iphonesimulator";
				SUPPORTS_MACCATALYST = NO;
				SUPPORTS_MAC_DESIGNED_FOR_IPHONE_IPAD = NO;
				SUPPORTS_XR_DESIGNED_FOR_IPHONE_IPAD = NO;
				SWIFT_EMIT_LOC_STRINGS = YES;
				SWIFT_VERSION = 5.0;
				TARGETED_DEVICE_FAMILY = 1;
			};
			name = Release;
		};
/* End XCBuildConfiguration section */

/* Begin XCConfigurationList section */
		B822C9F92C6C70C000FAA59E /* Build configuration list for PBXProject "QuickBite" */ = {
			isa = XCConfigurationList;
			buildConfigurations = (
				B822CA102C6C70C200FAA59E /* Debug */,
				B822CA112C6C70C200FAA59E /* Release */,
			);
			defaultConfigurationIsVisible = 0;
			defaultConfigurationName = Release;
		};
		B822CA122C6C70C200FAA59E /* Build configuration list for PBXNativeTarget "QuickBite" */ = {
			isa = XCConfigurationList;
			buildConfigurations = (
				B822CA132C6C70C200FAA59E /* Debug */,
				B822CA142C6C70C200FAA59E /* Release */,
			);
			defaultConfigurationIsVisible = 0;
			defaultConfigurationName = Release;
		};
/* End XCConfigurationList section */

/* Begin XCRemoteSwiftPackageReference section */
		B822CA192C6C71B000FAA59E /* XCRemoteSwiftPackageReference "Alamofire" */ = {
			isa = XCRemoteSwiftPackageReference;
			repositoryURL = "https://github.com/Alamofire/Alamofire.git";
			requirement = {
				kind = upToNextMajorVersion;
				minimumVersion = 5.9.1;
			};
		};
		B822CA1C2C6C71BD00FAA59E /* XCRemoteSwiftPackageReference "Kingfisher" */ = {
			isa = XCRemoteSwiftPackageReference;
			repositoryURL = "https://github.com/onevcat/Kingfisher";
			requirement = {
				kind = upToNextMajorVersion;
				minimumVersion = 7.12.0;
			};
		};
		B822CA1F2C6C71C500FAA59E /* XCRemoteSwiftPackageReference "Toast-Swift" */ = {
			isa = XCRemoteSwiftPackageReference;
			repositoryURL = "https://github.com/scalessec/Toast-Swift.git";
			requirement = {
				kind = upToNextMajorVersion;
				minimumVersion = 5.1.1;
			};
		};
		B822CA222C6C71D800FAA59E /* XCRemoteSwiftPackageReference "RxSwift" */ = {
			isa = XCRemoteSwiftPackageReference;
			repositoryURL = "https://github.com/ReactiveX/RxSwift.git";
			requirement = {
				kind = upToNextMajorVersion;
				minimumVersion = 6.7.1;
			};
		};
		B822CA292C6C71ED00FAA59E /* XCRemoteSwiftPackageReference "RxDataSources" */ = {
			isa = XCRemoteSwiftPackageReference;
			repositoryURL = "https://github.com/RxSwiftCommunity/RxDataSources.git";
			requirement = {
				kind = upToNextMajorVersion;
				minimumVersion = 5.0.2;
			};
		};
		B822CA2E2C6C71F700FAA59E /* XCRemoteSwiftPackageReference "IQKeyboardManager" */ = {
			isa = XCRemoteSwiftPackageReference;
			repositoryURL = "https://github.com/hackiftekhar/IQKeyboardManager";
			requirement = {
				kind = upToNextMajorVersion;
				minimumVersion = 7.1.1;
			};
		};
		B822CA4D2C6C7A1800FAA59E /* XCRemoteSwiftPackageReference "SnapKit" */ = {
			isa = XCRemoteSwiftPackageReference;
			repositoryURL = "https://github.com/SnapKit/SnapKit.git";
			requirement = {
				kind = upToNextMajorVersion;
				minimumVersion = 5.7.1;
			};
		};
		B822CA7F2C6D9A8700FAA59E /* XCRemoteSwiftPackageReference "Moya" */ = {
			isa = XCRemoteSwiftPackageReference;
			repositoryURL = "https://github.com/Moya/Moya.git";
			requirement = {
				kind = upToNextMajorVersion;
				minimumVersion = 15.0.3;
			};
		};
		B851AA162C775AFE003901F0 /* XCRemoteSwiftPackageReference "Tabman" */ = {
			isa = XCRemoteSwiftPackageReference;
			repositoryURL = "https://github.com/uias/Tabman.git";
			requirement = {
				kind = upToNextMajorVersion;
				minimumVersion = 3.2.0;
			};
		};
/* End XCRemoteSwiftPackageReference section */

/* Begin XCSwiftPackageProductDependency section */
		B822CA1A2C6C71B000FAA59E /* Alamofire */ = {
			isa = XCSwiftPackageProductDependency;
			package = B822CA192C6C71B000FAA59E /* XCRemoteSwiftPackageReference "Alamofire" */;
			productName = Alamofire;
		};
		B822CA1D2C6C71BD00FAA59E /* Kingfisher */ = {
			isa = XCSwiftPackageProductDependency;
			package = B822CA1C2C6C71BD00FAA59E /* XCRemoteSwiftPackageReference "Kingfisher" */;
			productName = Kingfisher;
		};
		B822CA202C6C71C500FAA59E /* Toast */ = {
			isa = XCSwiftPackageProductDependency;
			package = B822CA1F2C6C71C500FAA59E /* XCRemoteSwiftPackageReference "Toast-Swift" */;
			productName = Toast;
		};
		B822CA232C6C71D800FAA59E /* RxCocoa */ = {
			isa = XCSwiftPackageProductDependency;
			package = B822CA222C6C71D800FAA59E /* XCRemoteSwiftPackageReference "RxSwift" */;
			productName = RxCocoa;
		};
		B822CA252C6C71D800FAA59E /* RxRelay */ = {
			isa = XCSwiftPackageProductDependency;
			package = B822CA222C6C71D800FAA59E /* XCRemoteSwiftPackageReference "RxSwift" */;
			productName = RxRelay;
		};
		B822CA272C6C71D800FAA59E /* RxSwift */ = {
			isa = XCSwiftPackageProductDependency;
			package = B822CA222C6C71D800FAA59E /* XCRemoteSwiftPackageReference "RxSwift" */;
			productName = RxSwift;
		};
		B822CA2A2C6C71ED00FAA59E /* Differentiator */ = {
			isa = XCSwiftPackageProductDependency;
			package = B822CA292C6C71ED00FAA59E /* XCRemoteSwiftPackageReference "RxDataSources" */;
			productName = Differentiator;
		};
		B822CA2C2C6C71ED00FAA59E /* RxDataSources */ = {
			isa = XCSwiftPackageProductDependency;
			package = B822CA292C6C71ED00FAA59E /* XCRemoteSwiftPackageReference "RxDataSources" */;
			productName = RxDataSources;
		};
		B822CA2F2C6C71F700FAA59E /* IQKeyboardManagerSwift */ = {
			isa = XCSwiftPackageProductDependency;
			package = B822CA2E2C6C71F700FAA59E /* XCRemoteSwiftPackageReference "IQKeyboardManager" */;
			productName = IQKeyboardManagerSwift;
		};
		B822CA4E2C6C7A1800FAA59E /* SnapKit */ = {
			isa = XCSwiftPackageProductDependency;
			package = B822CA4D2C6C7A1800FAA59E /* XCRemoteSwiftPackageReference "SnapKit" */;
			productName = SnapKit;
		};
		B822CA802C6D9A8700FAA59E /* Moya */ = {
			isa = XCSwiftPackageProductDependency;
			package = B822CA7F2C6D9A8700FAA59E /* XCRemoteSwiftPackageReference "Moya" */;
			productName = Moya;
		};
		B851AA172C775AFE003901F0 /* Tabman */ = {
			isa = XCSwiftPackageProductDependency;
			package = B851AA162C775AFE003901F0 /* XCRemoteSwiftPackageReference "Tabman" */;
			productName = Tabman;
		};
/* End XCSwiftPackageProductDependency section */
	};
	rootObject = B822C9F62C6C70C000FAA59E /* Project object */;
}
