// !$*UTF8*$!
{
	archiveVersion = 1;
	classes = {
	};
	objectVersion = 56;
	objects = {

/* Begin PBXBuildFile section */
		B822CA022C6C70C000FAA59E /* AppDelegate.swift in Sources */ = {isa = PBXBuildFile; fileRef = B822CA012C6C70C000FAA59E /* AppDelegate.swift */; };
		B822CA042C6C70C000FAA59E /* SceneDelegate.swift in Sources */ = {isa = PBXBuildFile; fileRef = B822CA032C6C70C000FAA59E /* SceneDelegate.swift */; };
		B822CA062C6C70C000FAA59E /* ViewController.swift in Sources */ = {isa = PBXBuildFile; fileRef = B822CA052C6C70C000FAA59E /* ViewController.swift */; };
		B822CA0B2C6C70C200FAA59E /* Assets.xcassets in Resources */ = {isa = PBXBuildFile; fileRef = B822CA0A2C6C70C200FAA59E /* Assets.xcassets */; };
		B822CA0E2C6C70C200FAA59E /* Base in Resources */ = {isa = PBXBuildFile; fileRef = B822CA0D2C6C70C200FAA59E /* Base */; };
		B822CA162C6C70D000FAA59E /* .gitignore in Resources */ = {isa = PBXBuildFile; fileRef = B822CA152C6C70D000FAA59E /* .gitignore */; };
		B822CA182C6C711200FAA59E /* APIInfo.swift in Sources */ = {isa = PBXBuildFile; fileRef = B822CA172C6C711200FAA59E /* APIInfo.swift */; };
		B822CA1B2C6C71B000FAA59E /* Alamofire in Frameworks */ = {isa = PBXBuildFile; productRef = B822CA1A2C6C71B000FAA59E /* Alamofire */; };
		B822CA1E2C6C71BD00FAA59E /* Kingfisher in Frameworks */ = {isa = PBXBuildFile; productRef = B822CA1D2C6C71BD00FAA59E /* Kingfisher */; };
		B822CA212C6C71C500FAA59E /* Toast in Frameworks */ = {isa = PBXBuildFile; productRef = B822CA202C6C71C500FAA59E /* Toast */; };
		B822CA242C6C71D800FAA59E /* RxCocoa in Frameworks */ = {isa = PBXBuildFile; productRef = B822CA232C6C71D800FAA59E /* RxCocoa */; };
		B822CA262C6C71D800FAA59E /* RxRelay in Frameworks */ = {isa = PBXBuildFile; productRef = B822CA252C6C71D800FAA59E /* RxRelay */; };
		B822CA282C6C71D800FAA59E /* RxSwift in Frameworks */ = {isa = PBXBuildFile; productRef = B822CA272C6C71D800FAA59E /* RxSwift */; };
		B822CA2B2C6C71ED00FAA59E /* Differentiator in Frameworks */ = {isa = PBXBuildFile; productRef = B822CA2A2C6C71ED00FAA59E /* Differentiator */; };
		B822CA2D2C6C71ED00FAA59E /* RxDataSources in Frameworks */ = {isa = PBXBuildFile; productRef = B822CA2C2C6C71ED00FAA59E /* RxDataSources */; };
		B822CA302C6C71F700FAA59E /* IQKeyboardManagerSwift in Frameworks */ = {isa = PBXBuildFile; productRef = B822CA2F2C6C71F700FAA59E /* IQKeyboardManagerSwift */; };
		B822CA402C6C760000FAA59E /* BaseVC.swift in Sources */ = {isa = PBXBuildFile; fileRef = B822CA3F2C6C75FF00FAA59E /* BaseVC.swift */; };
		B822CA422C6C760400FAA59E /* BaseVM.swift in Sources */ = {isa = PBXBuildFile; fileRef = B822CA412C6C760400FAA59E /* BaseVM.swift */; };
		B822CA442C6C763A00FAA59E /* Cell+Extension.swift in Sources */ = {isa = PBXBuildFile; fileRef = B822CA432C6C763A00FAA59E /* Cell+Extension.swift */; };
		B822CA462C6C764600FAA59E /* BaseCollectionViewCell.swift in Sources */ = {isa = PBXBuildFile; fileRef = B822CA452C6C764600FAA59E /* BaseCollectionViewCell.swift */; };
		B822CA482C6C764D00FAA59E /* BaseTableViewCell.swift in Sources */ = {isa = PBXBuildFile; fileRef = B822CA472C6C764D00FAA59E /* BaseTableViewCell.swift */; };
		B822CA4A2C6C793400FAA59E /* UIColor+Extension.swift in Sources */ = {isa = PBXBuildFile; fileRef = B822CA492C6C793400FAA59E /* UIColor+Extension.swift */; };
		B822CA4C2C6C796200FAA59E /* Color.swift in Sources */ = {isa = PBXBuildFile; fileRef = B822CA4B2C6C796200FAA59E /* Color.swift */; };
		B822CA4F2C6C7A1800FAA59E /* SnapKit in Frameworks */ = {isa = PBXBuildFile; productRef = B822CA4E2C6C7A1800FAA59E /* SnapKit */; };
		B822CA562C6C7BD800FAA59E /* MaruBuri-Bold.otf in Resources */ = {isa = PBXBuildFile; fileRef = B822CA512C6C7BD800FAA59E /* MaruBuri-Bold.otf */; };
		B822CA572C6C7BD800FAA59E /* MaruBuri-Regular.otf in Resources */ = {isa = PBXBuildFile; fileRef = B822CA522C6C7BD800FAA59E /* MaruBuri-Regular.otf */; };
		B822CA582C6C7BD800FAA59E /* MaruBuri-ExtraLight.otf in Resources */ = {isa = PBXBuildFile; fileRef = B822CA532C6C7BD800FAA59E /* MaruBuri-ExtraLight.otf */; };
		B822CA592C6C7BD800FAA59E /* MaruBuri-SemiBold.otf in Resources */ = {isa = PBXBuildFile; fileRef = B822CA542C6C7BD800FAA59E /* MaruBuri-SemiBold.otf */; };
		B822CA5A2C6C7BD800FAA59E /* MaruBuri-Light.otf in Resources */ = {isa = PBXBuildFile; fileRef = B822CA552C6C7BD800FAA59E /* MaruBuri-Light.otf */; };
		B822CA5C2C6C7CBA00FAA59E /* Font.swift in Sources */ = {isa = PBXBuildFile; fileRef = B822CA5B2C6C7CBA00FAA59E /* Font.swift */; };
		B822CA602C6C88C600FAA59E /* SignInVC.swift in Sources */ = {isa = PBXBuildFile; fileRef = B822CA5F2C6C88C600FAA59E /* SignInVC.swift */; };
		B822CA622C6C88F100FAA59E /* BaseButton.swift in Sources */ = {isa = PBXBuildFile; fileRef = B822CA612C6C88F100FAA59E /* BaseButton.swift */; };
		B822CA642C6C8A3800FAA59E /* Localized.swift in Sources */ = {isa = PBXBuildFile; fileRef = B822CA632C6C8A3800FAA59E /* Localized.swift */; };
		B822CA662C6C8B7200FAA59E /* BaseTextField.swift in Sources */ = {isa = PBXBuildFile; fileRef = B822CA652C6C8B7200FAA59E /* BaseTextField.swift */; };
		B822CA682C6C8BA100FAA59E /* ImageAssets.swift in Sources */ = {isa = PBXBuildFile; fileRef = B822CA672C6C8BA100FAA59E /* ImageAssets.swift */; };
		B822CA6A2C6C9C8200FAA59E /* SignInVM.swift in Sources */ = {isa = PBXBuildFile; fileRef = B822CA692C6C9C8200FAA59E /* SignInVM.swift */; };
		B822CA6C2C6C9FDA00FAA59E /* SignUpVC.swift in Sources */ = {isa = PBXBuildFile; fileRef = B822CA6B2C6C9FDA00FAA59E /* SignUpVC.swift */; };
		B822CA6E2C6C9FE400FAA59E /* SignUpVM.swift in Sources */ = {isa = PBXBuildFile; fileRef = B822CA6D2C6C9FE400FAA59E /* SignUpVM.swift */; };
		B822CA702C6D8CE900FAA59E /* MainVC.swift in Sources */ = {isa = PBXBuildFile; fileRef = B822CA6F2C6D8CE900FAA59E /* MainVC.swift */; };
		B822CA722C6D8CEF00FAA59E /* MainVM.swift in Sources */ = {isa = PBXBuildFile; fileRef = B822CA712C6D8CEF00FAA59E /* MainVM.swift */; };
		B822CA742C6D8E3A00FAA59E /* UIViewController+Extension.swift in Sources */ = {isa = PBXBuildFile; fileRef = B822CA732C6D8E3A00FAA59E /* UIViewController+Extension.swift */; };
		B822CA762C6D924A00FAA59E /* MainTBC.swift in Sources */ = {isa = PBXBuildFile; fileRef = B822CA752C6D924A00FAA59E /* MainTBC.swift */; };
		B822CA782C6D92C800FAA59E /* RecipesVC.swift in Sources */ = {isa = PBXBuildFile; fileRef = B822CA772C6D92C800FAA59E /* RecipesVC.swift */; };
		B822CA7A2C6D92D900FAA59E /* ProfileVC.swift in Sources */ = {isa = PBXBuildFile; fileRef = B822CA792C6D92D900FAA59E /* ProfileVC.swift */; };
		B822CA7C2C6D995800FAA59E /* Header.swift in Sources */ = {isa = PBXBuildFile; fileRef = B822CA7B2C6D995800FAA59E /* Header.swift */; };
		B822CA7E2C6D997D00FAA59E /* UserDefaultsManager.swift in Sources */ = {isa = PBXBuildFile; fileRef = B822CA7D2C6D997D00FAA59E /* UserDefaultsManager.swift */; };
		B822CA812C6D9A8700FAA59E /* Moya in Frameworks */ = {isa = PBXBuildFile; productRef = B822CA802C6D9A8700FAA59E /* Moya */; };
		B822CA852C6D9B5200FAA59E /* UserAPI.swift in Sources */ = {isa = PBXBuildFile; fileRef = B822CA842C6D9B5200FAA59E /* UserAPI.swift */; };
		B822CA872C6D9B5E00FAA59E /* APIService.swift in Sources */ = {isa = PBXBuildFile; fileRef = B822CA862C6D9B5E00FAA59E /* APIService.swift */; };
		B822CA892C6D9B6300FAA59E /* PostAPI.swift in Sources */ = {isa = PBXBuildFile; fileRef = B822CA882C6D9B6300FAA59E /* PostAPI.swift */; };
		B822CA8D2C6D9D3700FAA59E /* UserParams.swift in Sources */ = {isa = PBXBuildFile; fileRef = B822CA8C2C6D9D3700FAA59E /* UserParams.swift */; };
		B822CA912C6DA43800FAA59E /* MoyaLoggingPlugin.swift in Sources */ = {isa = PBXBuildFile; fileRef = B822CA902C6DA43800FAA59E /* MoyaLoggingPlugin.swift */; };
		B822CA932C6DE76100FAA59E /* User.swift in Sources */ = {isa = PBXBuildFile; fileRef = B822CA922C6DE76100FAA59E /* User.swift */; };
		B822CA962C71DE8200FAA59E /* EmailValidationState.swift in Sources */ = {isa = PBXBuildFile; fileRef = B822CA952C71DE8200FAA59E /* EmailValidationState.swift */; };
		B822CA982C71F94100FAA59E /* TokenError.swift in Sources */ = {isa = PBXBuildFile; fileRef = B822CA972C71F94100FAA59E /* TokenError.swift */; };
/* End PBXBuildFile section */

/* Begin PBXFileReference section */
		B822C9FE2C6C70C000FAA59E /* QuickBite.app */ = {isa = PBXFileReference; explicitFileType = wrapper.application; includeInIndex = 0; path = QuickBite.app; sourceTree = BUILT_PRODUCTS_DIR; };
		B822CA012C6C70C000FAA59E /* AppDelegate.swift */ = {isa = PBXFileReference; lastKnownFileType = sourcecode.swift; path = AppDelegate.swift; sourceTree = "<group>"; };
		B822CA032C6C70C000FAA59E /* SceneDelegate.swift */ = {isa = PBXFileReference; lastKnownFileType = sourcecode.swift; path = SceneDelegate.swift; sourceTree = "<group>"; };
		B822CA052C6C70C000FAA59E /* ViewController.swift */ = {isa = PBXFileReference; lastKnownFileType = sourcecode.swift; path = ViewController.swift; sourceTree = "<group>"; };
		B822CA0A2C6C70C200FAA59E /* Assets.xcassets */ = {isa = PBXFileReference; lastKnownFileType = folder.assetcatalog; path = Assets.xcassets; sourceTree = "<group>"; };
		B822CA0D2C6C70C200FAA59E /* Base */ = {isa = PBXFileReference; lastKnownFileType = file.storyboard; name = Base; path = Base.lproj/LaunchScreen.storyboard; sourceTree = "<group>"; };
		B822CA0F2C6C70C200FAA59E /* Info.plist */ = {isa = PBXFileReference; lastKnownFileType = text.plist.xml; path = Info.plist; sourceTree = "<group>"; };
		B822CA152C6C70D000FAA59E /* .gitignore */ = {isa = PBXFileReference; lastKnownFileType = text; path = .gitignore; sourceTree = "<group>"; };
		B822CA172C6C711200FAA59E /* APIInfo.swift */ = {isa = PBXFileReference; lastKnownFileType = sourcecode.swift; path = APIInfo.swift; sourceTree = "<group>"; };
		B822CA3F2C6C75FF00FAA59E /* BaseVC.swift */ = {isa = PBXFileReference; lastKnownFileType = sourcecode.swift; path = BaseVC.swift; sourceTree = "<group>"; };
		B822CA412C6C760400FAA59E /* BaseVM.swift */ = {isa = PBXFileReference; lastKnownFileType = sourcecode.swift; path = BaseVM.swift; sourceTree = "<group>"; };
		B822CA432C6C763A00FAA59E /* Cell+Extension.swift */ = {isa = PBXFileReference; lastKnownFileType = sourcecode.swift; path = "Cell+Extension.swift"; sourceTree = "<group>"; };
		B822CA452C6C764600FAA59E /* BaseCollectionViewCell.swift */ = {isa = PBXFileReference; lastKnownFileType = sourcecode.swift; path = BaseCollectionViewCell.swift; sourceTree = "<group>"; };
		B822CA472C6C764D00FAA59E /* BaseTableViewCell.swift */ = {isa = PBXFileReference; lastKnownFileType = sourcecode.swift; path = BaseTableViewCell.swift; sourceTree = "<group>"; };
		B822CA492C6C793400FAA59E /* UIColor+Extension.swift */ = {isa = PBXFileReference; lastKnownFileType = sourcecode.swift; path = "UIColor+Extension.swift"; sourceTree = "<group>"; };
		B822CA4B2C6C796200FAA59E /* Color.swift */ = {isa = PBXFileReference; lastKnownFileType = sourcecode.swift; path = Color.swift; sourceTree = "<group>"; };
		B822CA512C6C7BD800FAA59E /* MaruBuri-Bold.otf */ = {isa = PBXFileReference; lastKnownFileType = file; path = "MaruBuri-Bold.otf"; sourceTree = "<group>"; };
		B822CA522C6C7BD800FAA59E /* MaruBuri-Regular.otf */ = {isa = PBXFileReference; lastKnownFileType = file; path = "MaruBuri-Regular.otf"; sourceTree = "<group>"; };
		B822CA532C6C7BD800FAA59E /* MaruBuri-ExtraLight.otf */ = {isa = PBXFileReference; lastKnownFileType = file; path = "MaruBuri-ExtraLight.otf"; sourceTree = "<group>"; };
		B822CA542C6C7BD800FAA59E /* MaruBuri-SemiBold.otf */ = {isa = PBXFileReference; lastKnownFileType = file; path = "MaruBuri-SemiBold.otf"; sourceTree = "<group>"; };
		B822CA552C6C7BD800FAA59E /* MaruBuri-Light.otf */ = {isa = PBXFileReference; lastKnownFileType = file; path = "MaruBuri-Light.otf"; sourceTree = "<group>"; };
		B822CA5B2C6C7CBA00FAA59E /* Font.swift */ = {isa = PBXFileReference; lastKnownFileType = sourcecode.swift; path = Font.swift; sourceTree = "<group>"; };
		B822CA5F2C6C88C600FAA59E /* SignInVC.swift */ = {isa = PBXFileReference; lastKnownFileType = sourcecode.swift; path = SignInVC.swift; sourceTree = "<group>"; };
		B822CA612C6C88F100FAA59E /* BaseButton.swift */ = {isa = PBXFileReference; lastKnownFileType = sourcecode.swift; path = BaseButton.swift; sourceTree = "<group>"; };
		B822CA632C6C8A3800FAA59E /* Localized.swift */ = {isa = PBXFileReference; lastKnownFileType = sourcecode.swift; path = Localized.swift; sourceTree = "<group>"; };
		B822CA652C6C8B7200FAA59E /* BaseTextField.swift */ = {isa = PBXFileReference; lastKnownFileType = sourcecode.swift; path = BaseTextField.swift; sourceTree = "<group>"; };
		B822CA672C6C8BA100FAA59E /* ImageAssets.swift */ = {isa = PBXFileReference; lastKnownFileType = sourcecode.swift; path = ImageAssets.swift; sourceTree = "<group>"; };
		B822CA692C6C9C8200FAA59E /* SignInVM.swift */ = {isa = PBXFileReference; lastKnownFileType = sourcecode.swift; path = SignInVM.swift; sourceTree = "<group>"; };
		B822CA6B2C6C9FDA00FAA59E /* SignUpVC.swift */ = {isa = PBXFileReference; lastKnownFileType = sourcecode.swift; path = SignUpVC.swift; sourceTree = "<group>"; };
		B822CA6D2C6C9FE400FAA59E /* SignUpVM.swift */ = {isa = PBXFileReference; lastKnownFileType = sourcecode.swift; path = SignUpVM.swift; sourceTree = "<group>"; };
		B822CA6F2C6D8CE900FAA59E /* MainVC.swift */ = {isa = PBXFileReference; lastKnownFileType = sourcecode.swift; path = MainVC.swift; sourceTree = "<group>"; };
		B822CA712C6D8CEF00FAA59E /* MainVM.swift */ = {isa = PBXFileReference; lastKnownFileType = sourcecode.swift; path = MainVM.swift; sourceTree = "<group>"; };
		B822CA732C6D8E3A00FAA59E /* UIViewController+Extension.swift */ = {isa = PBXFileReference; lastKnownFileType = sourcecode.swift; path = "UIViewController+Extension.swift"; sourceTree = "<group>"; };
		B822CA752C6D924A00FAA59E /* MainTBC.swift */ = {isa = PBXFileReference; lastKnownFileType = sourcecode.swift; path = MainTBC.swift; sourceTree = "<group>"; };
		B822CA772C6D92C800FAA59E /* RecipesVC.swift */ = {isa = PBXFileReference; lastKnownFileType = sourcecode.swift; path = RecipesVC.swift; sourceTree = "<group>"; };
		B822CA792C6D92D900FAA59E /* ProfileVC.swift */ = {isa = PBXFileReference; lastKnownFileType = sourcecode.swift; path = ProfileVC.swift; sourceTree = "<group>"; };
		B822CA7B2C6D995800FAA59E /* Header.swift */ = {isa = PBXFileReference; lastKnownFileType = sourcecode.swift; path = Header.swift; sourceTree = "<group>"; };
		B822CA7D2C6D997D00FAA59E /* UserDefaultsManager.swift */ = {isa = PBXFileReference; lastKnownFileType = sourcecode.swift; path = UserDefaultsManager.swift; sourceTree = "<group>"; };
		B822CA842C6D9B5200FAA59E /* UserAPI.swift */ = {isa = PBXFileReference; lastKnownFileType = sourcecode.swift; path = UserAPI.swift; sourceTree = "<group>"; };
		B822CA862C6D9B5E00FAA59E /* APIService.swift */ = {isa = PBXFileReference; lastKnownFileType = sourcecode.swift; path = APIService.swift; sourceTree = "<group>"; };
		B822CA882C6D9B6300FAA59E /* PostAPI.swift */ = {isa = PBXFileReference; lastKnownFileType = sourcecode.swift; path = PostAPI.swift; sourceTree = "<group>"; };
		B822CA8C2C6D9D3700FAA59E /* UserParams.swift */ = {isa = PBXFileReference; lastKnownFileType = sourcecode.swift; path = UserParams.swift; sourceTree = "<group>"; };
		B822CA902C6DA43800FAA59E /* MoyaLoggingPlugin.swift */ = {isa = PBXFileReference; lastKnownFileType = sourcecode.swift; path = MoyaLoggingPlugin.swift; sourceTree = "<group>"; };
		B822CA922C6DE76100FAA59E /* User.swift */ = {isa = PBXFileReference; lastKnownFileType = sourcecode.swift; path = User.swift; sourceTree = "<group>"; };
		B822CA952C71DE8200FAA59E /* EmailValidationState.swift */ = {isa = PBXFileReference; lastKnownFileType = sourcecode.swift; path = EmailValidationState.swift; sourceTree = "<group>"; };
		B822CA972C71F94100FAA59E /* TokenError.swift */ = {isa = PBXFileReference; lastKnownFileType = sourcecode.swift; path = TokenError.swift; sourceTree = "<group>"; };
/* End PBXFileReference section */

/* Begin PBXFrameworksBuildPhase section */
		B822C9FB2C6C70C000FAA59E /* Frameworks */ = {
			isa = PBXFrameworksBuildPhase;
			buildActionMask = 2147483647;
			files = (
				B822CA2B2C6C71ED00FAA59E /* Differentiator in Frameworks */,
				B822CA282C6C71D800FAA59E /* RxSwift in Frameworks */,
				B822CA262C6C71D800FAA59E /* RxRelay in Frameworks */,
				B822CA212C6C71C500FAA59E /* Toast in Frameworks */,
				B822CA1E2C6C71BD00FAA59E /* Kingfisher in Frameworks */,
				B822CA812C6D9A8700FAA59E /* Moya in Frameworks */,
				B822CA302C6C71F700FAA59E /* IQKeyboardManagerSwift in Frameworks */,
				B822CA2D2C6C71ED00FAA59E /* RxDataSources in Frameworks */,
				B822CA242C6C71D800FAA59E /* RxCocoa in Frameworks */,
				B822CA1B2C6C71B000FAA59E /* Alamofire in Frameworks */,
				B822CA4F2C6C7A1800FAA59E /* SnapKit in Frameworks */,
			);
			runOnlyForDeploymentPostprocessing = 0;
		};
/* End PBXFrameworksBuildPhase section */

/* Begin PBXGroup section */
		B822C9F52C6C70C000FAA59E = {
			isa = PBXGroup;
			children = (
				B822CA152C6C70D000FAA59E /* .gitignore */,
				B822CA002C6C70C000FAA59E /* QuickBite */,
				B822C9FF2C6C70C000FAA59E /* Products */,
			);
			sourceTree = "<group>";
		};
		B822C9FF2C6C70C000FAA59E /* Products */ = {
			isa = PBXGroup;
			children = (
				B822C9FE2C6C70C000FAA59E /* QuickBite.app */,
			);
			name = Products;
			sourceTree = "<group>";
		};
		B822CA002C6C70C000FAA59E /* QuickBite */ = {
			isa = PBXGroup;
			children = (
				B822CA942C71DE6C00FAA59E /* Enum */,
				B822CA502C6C7BCA00FAA59E /* Font */,
				B822CA372C6C73D300FAA59E /* Network */,
				B822CA3B2C6C73F700FAA59E /* Model */,
				B822CA3E2C6C74AD00FAA59E /* UI */,
				B822CA3D2C6C742700FAA59E /* App */,
				B822CA3C2C6C740300FAA59E /* Abstract */,
				B822CA3A2C6C73E300FAA59E /* Extension */,
				B822CA392C6C73DF00FAA59E /* Utils */,
				B822CA382C6C73DB00FAA59E /* Custom */,
				B822CA052C6C70C000FAA59E /* ViewController.swift */,
				B822CA0A2C6C70C200FAA59E /* Assets.xcassets */,
				B822CA0C2C6C70C200FAA59E /* LaunchScreen.storyboard */,
				B822CA0F2C6C70C200FAA59E /* Info.plist */,
				B822CA172C6C711200FAA59E /* APIInfo.swift */,
			);
			path = QuickBite;
			sourceTree = "<group>";
		};
		B822CA312C6C737400FAA59E /* Tab */ = {
			isa = PBXGroup;
			children = (
				B822CA352C6C73A200FAA59E /* Main */,
				B822CA342C6C739C00FAA59E /* Recipes */,
				B822CA362C6C73A800FAA59E /* Profile */,
				B822CA752C6D924A00FAA59E /* MainTBC.swift */,
			);
			path = Tab;
			sourceTree = "<group>";
		};
		B822CA322C6C737600FAA59E /* SignUp */ = {
			isa = PBXGroup;
			children = (
				B822CA6B2C6C9FDA00FAA59E /* SignUpVC.swift */,
				B822CA6D2C6C9FE400FAA59E /* SignUpVM.swift */,
			);
			path = SignUp;
			sourceTree = "<group>";
		};
		B822CA332C6C737D00FAA59E /* SignIn */ = {
			isa = PBXGroup;
			children = (
				B822CA5F2C6C88C600FAA59E /* SignInVC.swift */,
				B822CA692C6C9C8200FAA59E /* SignInVM.swift */,
			);
			path = SignIn;
			sourceTree = "<group>";
		};
		B822CA342C6C739C00FAA59E /* Recipes */ = {
			isa = PBXGroup;
			children = (
				B822CA772C6D92C800FAA59E /* RecipesVC.swift */,
			);
			path = Recipes;
			sourceTree = "<group>";
		};
		B822CA352C6C73A200FAA59E /* Main */ = {
			isa = PBXGroup;
			children = (
				B822CA6F2C6D8CE900FAA59E /* MainVC.swift */,
				B822CA712C6D8CEF00FAA59E /* MainVM.swift */,
			);
			path = Main;
			sourceTree = "<group>";
		};
		B822CA362C6C73A800FAA59E /* Profile */ = {
			isa = PBXGroup;
			children = (
				B822CA792C6D92D900FAA59E /* ProfileVC.swift */,
			);
			path = Profile;
			sourceTree = "<group>";
		};
		B822CA372C6C73D300FAA59E /* Network */ = {
			isa = PBXGroup;
			children = (
				B822CA8B2C6D9D2F00FAA59E /* Params */,
				B822CA8A2C6D9CE900FAA59E /* Service */,
				B822CA7B2C6D995800FAA59E /* Header.swift */,
				B822CA7D2C6D997D00FAA59E /* UserDefaultsManager.swift */,
				B822CA862C6D9B5E00FAA59E /* APIService.swift */,
				B822CA902C6DA43800FAA59E /* MoyaLoggingPlugin.swift */,
			);
			path = Network;
			sourceTree = "<group>";
		};
		B822CA382C6C73DB00FAA59E /* Custom */ = {
			isa = PBXGroup;
			children = (
				B822CA612C6C88F100FAA59E /* BaseButton.swift */,
				B822CA652C6C8B7200FAA59E /* BaseTextField.swift */,
			);
			path = Custom;
			sourceTree = "<group>";
		};
		B822CA392C6C73DF00FAA59E /* Utils */ = {
			isa = PBXGroup;
			children = (
				B822CA4B2C6C796200FAA59E /* Color.swift */,
				B822CA5B2C6C7CBA00FAA59E /* Font.swift */,
				B822CA632C6C8A3800FAA59E /* Localized.swift */,
				B822CA672C6C8BA100FAA59E /* ImageAssets.swift */,
			);
			path = Utils;
			sourceTree = "<group>";
		};
		B822CA3A2C6C73E300FAA59E /* Extension */ = {
			isa = PBXGroup;
			children = (
				B822CA432C6C763A00FAA59E /* Cell+Extension.swift */,
				B822CA492C6C793400FAA59E /* UIColor+Extension.swift */,
				B822CA732C6D8E3A00FAA59E /* UIViewController+Extension.swift */,
			);
			path = Extension;
			sourceTree = "<group>";
		};
		B822CA3B2C6C73F700FAA59E /* Model */ = {
			isa = PBXGroup;
			children = (
				B822CA922C6DE76100FAA59E /* User.swift */,
			);
			path = Model;
			sourceTree = "<group>";
		};
		B822CA3C2C6C740300FAA59E /* Abstract */ = {
			isa = PBXGroup;
			children = (
				B822CA3F2C6C75FF00FAA59E /* BaseVC.swift */,
				B822CA412C6C760400FAA59E /* BaseVM.swift */,
				B822CA452C6C764600FAA59E /* BaseCollectionViewCell.swift */,
				B822CA472C6C764D00FAA59E /* BaseTableViewCell.swift */,
			);
			path = Abstract;
			sourceTree = "<group>";
		};
		B822CA3D2C6C742700FAA59E /* App */ = {
			isa = PBXGroup;
			children = (
				B822CA012C6C70C000FAA59E /* AppDelegate.swift */,
				B822CA032C6C70C000FAA59E /* SceneDelegate.swift */,
			);
			path = App;
			sourceTree = "<group>";
		};
		B822CA3E2C6C74AD00FAA59E /* UI */ = {
			isa = PBXGroup;
			children = (
				B822CA332C6C737D00FAA59E /* SignIn */,
				B822CA322C6C737600FAA59E /* SignUp */,
				B822CA312C6C737400FAA59E /* Tab */,
			);
			path = UI;
			sourceTree = "<group>";
		};
		B822CA502C6C7BCA00FAA59E /* Font */ = {
			isa = PBXGroup;
			children = (
				B822CA512C6C7BD800FAA59E /* MaruBuri-Bold.otf */,
				B822CA532C6C7BD800FAA59E /* MaruBuri-ExtraLight.otf */,
				B822CA552C6C7BD800FAA59E /* MaruBuri-Light.otf */,
				B822CA522C6C7BD800FAA59E /* MaruBuri-Regular.otf */,
				B822CA542C6C7BD800FAA59E /* MaruBuri-SemiBold.otf */,
			);
			path = Font;
			sourceTree = "<group>";
		};
		B822CA8A2C6D9CE900FAA59E /* Service */ = {
			isa = PBXGroup;
			children = (
				B822CA842C6D9B5200FAA59E /* UserAPI.swift */,
				B822CA882C6D9B6300FAA59E /* PostAPI.swift */,
			);
			path = Service;
			sourceTree = "<group>";
		};
		B822CA8B2C6D9D2F00FAA59E /* Params */ = {
			isa = PBXGroup;
			children = (
				B822CA8C2C6D9D3700FAA59E /* UserParams.swift */,
			);
			path = Params;
			sourceTree = "<group>";
		};
		B822CA942C71DE6C00FAA59E /* Enum */ = {
			isa = PBXGroup;
			children = (
				B822CA952C71DE8200FAA59E /* EmailValidationState.swift */,
				B822CA972C71F94100FAA59E /* TokenError.swift */,
			);
			path = Enum;
			sourceTree = "<group>";
		};
/* End PBXGroup section */

/* Begin PBXNativeTarget section */
		B822C9FD2C6C70C000FAA59E /* QuickBite */ = {
			isa = PBXNativeTarget;
			buildConfigurationList = B822CA122C6C70C200FAA59E /* Build configuration list for PBXNativeTarget "QuickBite" */;
			buildPhases = (
				B822C9FA2C6C70C000FAA59E /* Sources */,
				B822C9FB2C6C70C000FAA59E /* Frameworks */,
				B822C9FC2C6C70C000FAA59E /* Resources */,
			);
			buildRules = (
			);
			dependencies = (
			);
			name = QuickBite;
			packageProductDependencies = (
				B822CA1A2C6C71B000FAA59E /* Alamofire */,
				B822CA1D2C6C71BD00FAA59E /* Kingfisher */,
				B822CA202C6C71C500FAA59E /* Toast */,
				B822CA232C6C71D800FAA59E /* RxCocoa */,
				B822CA252C6C71D800FAA59E /* RxRelay */,
				B822CA272C6C71D800FAA59E /* RxSwift */,
				B822CA2A2C6C71ED00FAA59E /* Differentiator */,
				B822CA2C2C6C71ED00FAA59E /* RxDataSources */,
				B822CA2F2C6C71F700FAA59E /* IQKeyboardManagerSwift */,
				B822CA4E2C6C7A1800FAA59E /* SnapKit */,
				B822CA802C6D9A8700FAA59E /* Moya */,
			);
			productName = QuickBite;
			productReference = B822C9FE2C6C70C000FAA59E /* QuickBite.app */;
			productType = "com.apple.product-type.application";
		};
/* End PBXNativeTarget section */

/* Begin PBXProject section */
		B822C9F62C6C70C000FAA59E /* Project object */ = {
			isa = PBXProject;
			attributes = {
				BuildIndependentTargetsInParallel = 1;
				LastSwiftUpdateCheck = 1530;
				LastUpgradeCheck = 1530;
				TargetAttributes = {
					B822C9FD2C6C70C000FAA59E = {
						CreatedOnToolsVersion = 15.3;
					};
				};
			};
			buildConfigurationList = B822C9F92C6C70C000FAA59E /* Build configuration list for PBXProject "QuickBite" */;
			compatibilityVersion = "Xcode 14.0";
			developmentRegion = en;
			hasScannedForEncodings = 0;
			knownRegions = (
				en,
				Base,
			);
			mainGroup = B822C9F52C6C70C000FAA59E;
			packageReferences = (
				B822CA192C6C71B000FAA59E /* XCRemoteSwiftPackageReference "Alamofire" */,
				B822CA1C2C6C71BD00FAA59E /* XCRemoteSwiftPackageReference "Kingfisher" */,
				B822CA1F2C6C71C500FAA59E /* XCRemoteSwiftPackageReference "Toast-Swift" */,
				B822CA222C6C71D800FAA59E /* XCRemoteSwiftPackageReference "RxSwift" */,
				B822CA292C6C71ED00FAA59E /* XCRemoteSwiftPackageReference "RxDataSources" */,
				B822CA2E2C6C71F700FAA59E /* XCRemoteSwiftPackageReference "IQKeyboardManager" */,
				B822CA4D2C6C7A1800FAA59E /* XCRemoteSwiftPackageReference "SnapKit" */,
				B822CA7F2C6D9A8700FAA59E /* XCRemoteSwiftPackageReference "Moya" */,
			);
			productRefGroup = B822C9FF2C6C70C000FAA59E /* Products */;
			projectDirPath = "";
			projectRoot = "";
			targets = (
				B822C9FD2C6C70C000FAA59E /* QuickBite */,
			);
		};
/* End PBXProject section */

/* Begin PBXResourcesBuildPhase section */
		B822C9FC2C6C70C000FAA59E /* Resources */ = {
			isa = PBXResourcesBuildPhase;
			buildActionMask = 2147483647;
			files = (
				B822CA162C6C70D000FAA59E /* .gitignore in Resources */,
				B822CA562C6C7BD800FAA59E /* MaruBuri-Bold.otf in Resources */,
				B822CA0B2C6C70C200FAA59E /* Assets.xcassets in Resources */,
				B822CA592C6C7BD800FAA59E /* MaruBuri-SemiBold.otf in Resources */,
				B822CA0E2C6C70C200FAA59E /* Base in Resources */,
				B822CA5A2C6C7BD800FAA59E /* MaruBuri-Light.otf in Resources */,
				B822CA582C6C7BD800FAA59E /* MaruBuri-ExtraLight.otf in Resources */,
				B822CA572C6C7BD800FAA59E /* MaruBuri-Regular.otf in Resources */,
			);
			runOnlyForDeploymentPostprocessing = 0;
		};
/* End PBXResourcesBuildPhase section */

/* Begin PBXSourcesBuildPhase section */
		B822C9FA2C6C70C000FAA59E /* Sources */ = {
			isa = PBXSourcesBuildPhase;
			buildActionMask = 2147483647;
			files = (
				B822CA062C6C70C000FAA59E /* ViewController.swift in Sources */,
				B822CA782C6D92C800FAA59E /* RecipesVC.swift in Sources */,
				B822CA462C6C764600FAA59E /* BaseCollectionViewCell.swift in Sources */,
				B822CA852C6D9B5200FAA59E /* UserAPI.swift in Sources */,
				B822CA6A2C6C9C8200FAA59E /* SignInVM.swift in Sources */,
				B822CA662C6C8B7200FAA59E /* BaseTextField.swift in Sources */,
				B822CA4C2C6C796200FAA59E /* Color.swift in Sources */,
				B822CA442C6C763A00FAA59E /* Cell+Extension.swift in Sources */,
				B822CA682C6C8BA100FAA59E /* ImageAssets.swift in Sources */,
				B822CA7A2C6D92D900FAA59E /* ProfileVC.swift in Sources */,
				B822CA742C6D8E3A00FAA59E /* UIViewController+Extension.swift in Sources */,
				B822CA7E2C6D997D00FAA59E /* UserDefaultsManager.swift in Sources */,
				B822CA7C2C6D995800FAA59E /* Header.swift in Sources */,
				B822CA722C6D8CEF00FAA59E /* MainVM.swift in Sources */,
				B822CA982C71F94100FAA59E /* TokenError.swift in Sources */,
				B822CA8D2C6D9D3700FAA59E /* UserParams.swift in Sources */,
				B822CA912C6DA43800FAA59E /* MoyaLoggingPlugin.swift in Sources */,
				B822CA6C2C6C9FDA00FAA59E /* SignUpVC.swift in Sources */,
				B822CA422C6C760400FAA59E /* BaseVM.swift in Sources */,
				B822CA872C6D9B5E00FAA59E /* APIService.swift in Sources */,
				B822CA892C6D9B6300FAA59E /* PostAPI.swift in Sources */,
				B822CA602C6C88C600FAA59E /* SignInVC.swift in Sources */,
				B822CA482C6C764D00FAA59E /* BaseTableViewCell.swift in Sources */,
				B822CA022C6C70C000FAA59E /* AppDelegate.swift in Sources */,
				B822CA762C6D924A00FAA59E /* MainTBC.swift in Sources */,
				B822CA932C6DE76100FAA59E /* User.swift in Sources */,
				B822CA182C6C711200FAA59E /* APIInfo.swift in Sources */,
				B822CA702C6D8CE900FAA59E /* MainVC.swift in Sources */,
				B822CA5C2C6C7CBA00FAA59E /* Font.swift in Sources */,
				B822CA642C6C8A3800FAA59E /* Localized.swift in Sources */,
				B822CA622C6C88F100FAA59E /* BaseButton.swift in Sources */,
				B822CA042C6C70C000FAA59E /* SceneDelegate.swift in Sources */,
				B822CA962C71DE8200FAA59E /* EmailValidationState.swift in Sources */,
				B822CA402C6C760000FAA59E /* BaseVC.swift in Sources */,
				B822CA6E2C6C9FE400FAA59E /* SignUpVM.swift in Sources */,
				B822CA4A2C6C793400FAA59E /* UIColor+Extension.swift in Sources */,
			);
			runOnlyForDeploymentPostprocessing = 0;
		};
/* End PBXSourcesBuildPhase section */

/* Begin PBXVariantGroup section */
		B822CA0C2C6C70C200FAA59E /* LaunchScreen.storyboard */ = {
			isa = PBXVariantGroup;
			children = (
				B822CA0D2C6C70C200FAA59E /* Base */,
			);
			name = LaunchScreen.storyboard;
			sourceTree = "<group>";
		};
/* End PBXVariantGroup section */

/* Begin XCBuildConfiguration section */
		B822CA102C6C70C200FAA59E /* Debug */ = {
			isa = XCBuildConfiguration;
			buildSettings = {
				ALWAYS_SEARCH_USER_PATHS = NO;
				ASSETCATALOG_COMPILER_GENERATE_SWIFT_ASSET_SYMBOL_EXTENSIONS = YES;
				CLANG_ANALYZER_NONNULL = YES;
				CLANG_ANALYZER_NUMBER_OBJECT_CONVERSION = YES_AGGRESSIVE;
				CLANG_CXX_LANGUAGE_STANDARD = "gnu++20";
				CLANG_ENABLE_MODULES = YES;
				CLANG_ENABLE_OBJC_ARC = YES;
				CLANG_ENABLE_OBJC_WEAK = YES;
				CLANG_WARN_BLOCK_CAPTURE_AUTORELEASING = YES;
				CLANG_WARN_BOOL_CONVERSION = YES;
				CLANG_WARN_COMMA = YES;
				CLANG_WARN_CONSTANT_CONVERSION = YES;
				CLANG_WARN_DEPRECATED_OBJC_IMPLEMENTATIONS = YES;
				CLANG_WARN_DIRECT_OBJC_ISA_USAGE = YES_ERROR;
				CLANG_WARN_DOCUMENTATION_COMMENTS = YES;
				CLANG_WARN_EMPTY_BODY = YES;
				CLANG_WARN_ENUM_CONVERSION = YES;
				CLANG_WARN_INFINITE_RECURSION = YES;
				CLANG_WARN_INT_CONVERSION = YES;
				CLANG_WARN_NON_LITERAL_NULL_CONVERSION = YES;
				CLANG_WARN_OBJC_IMPLICIT_RETAIN_SELF = YES;
				CLANG_WARN_OBJC_LITERAL_CONVERSION = YES;
				CLANG_WARN_OBJC_ROOT_CLASS = YES_ERROR;
				CLANG_WARN_QUOTED_INCLUDE_IN_FRAMEWORK_HEADER = YES;
				CLANG_WARN_RANGE_LOOP_ANALYSIS = YES;
				CLANG_WARN_STRICT_PROTOTYPES = YES;
				CLANG_WARN_SUSPICIOUS_MOVE = YES;
				CLANG_WARN_UNGUARDED_AVAILABILITY = YES_AGGRESSIVE;
				CLANG_WARN_UNREACHABLE_CODE = YES;
				CLANG_WARN__DUPLICATE_METHOD_MATCH = YES;
				COPY_PHASE_STRIP = NO;
				DEBUG_INFORMATION_FORMAT = dwarf;
				ENABLE_STRICT_OBJC_MSGSEND = YES;
				ENABLE_TESTABILITY = YES;
				ENABLE_USER_SCRIPT_SANDBOXING = YES;
				GCC_C_LANGUAGE_STANDARD = gnu17;
				GCC_DYNAMIC_NO_PIC = NO;
				GCC_NO_COMMON_BLOCKS = YES;
				GCC_OPTIMIZATION_LEVEL = 0;
				GCC_PREPROCESSOR_DEFINITIONS = (
					"DEBUG=1",
					"$(inherited)",
				);
				GCC_WARN_64_TO_32_BIT_CONVERSION = YES;
				GCC_WARN_ABOUT_RETURN_TYPE = YES_ERROR;
				GCC_WARN_UNDECLARED_SELECTOR = YES;
				GCC_WARN_UNINITIALIZED_AUTOS = YES_AGGRESSIVE;
				GCC_WARN_UNUSED_FUNCTION = YES;
				GCC_WARN_UNUSED_VARIABLE = YES;
				IPHONEOS_DEPLOYMENT_TARGET = 17.4;
				LOCALIZATION_PREFERS_STRING_CATALOGS = YES;
				MTL_ENABLE_DEBUG_INFO = INCLUDE_SOURCE;
				MTL_FAST_MATH = YES;
				ONLY_ACTIVE_ARCH = YES;
				SDKROOT = iphoneos;
				SWIFT_ACTIVE_COMPILATION_CONDITIONS = "DEBUG $(inherited)";
				SWIFT_OPTIMIZATION_LEVEL = "-Onone";
			};
			name = Debug;
		};
		B822CA112C6C70C200FAA59E /* Release */ = {
			isa = XCBuildConfiguration;
			buildSettings = {
				ALWAYS_SEARCH_USER_PATHS = NO;
				ASSETCATALOG_COMPILER_GENERATE_SWIFT_ASSET_SYMBOL_EXTENSIONS = YES;
				CLANG_ANALYZER_NONNULL = YES;
				CLANG_ANALYZER_NUMBER_OBJECT_CONVERSION = YES_AGGRESSIVE;
				CLANG_CXX_LANGUAGE_STANDARD = "gnu++20";
				CLANG_ENABLE_MODULES = YES;
				CLANG_ENABLE_OBJC_ARC = YES;
				CLANG_ENABLE_OBJC_WEAK = YES;
				CLANG_WARN_BLOCK_CAPTURE_AUTORELEASING = YES;
				CLANG_WARN_BOOL_CONVERSION = YES;
				CLANG_WARN_COMMA = YES;
				CLANG_WARN_CONSTANT_CONVERSION = YES;
				CLANG_WARN_DEPRECATED_OBJC_IMPLEMENTATIONS = YES;
				CLANG_WARN_DIRECT_OBJC_ISA_USAGE = YES_ERROR;
				CLANG_WARN_DOCUMENTATION_COMMENTS = YES;
				CLANG_WARN_EMPTY_BODY = YES;
				CLANG_WARN_ENUM_CONVERSION = YES;
				CLANG_WARN_INFINITE_RECURSION = YES;
				CLANG_WARN_INT_CONVERSION = YES;
				CLANG_WARN_NON_LITERAL_NULL_CONVERSION = YES;
				CLANG_WARN_OBJC_IMPLICIT_RETAIN_SELF = YES;
				CLANG_WARN_OBJC_LITERAL_CONVERSION = YES;
				CLANG_WARN_OBJC_ROOT_CLASS = YES_ERROR;
				CLANG_WARN_QUOTED_INCLUDE_IN_FRAMEWORK_HEADER = YES;
				CLANG_WARN_RANGE_LOOP_ANALYSIS = YES;
				CLANG_WARN_STRICT_PROTOTYPES = YES;
				CLANG_WARN_SUSPICIOUS_MOVE = YES;
				CLANG_WARN_UNGUARDED_AVAILABILITY = YES_AGGRESSIVE;
				CLANG_WARN_UNREACHABLE_CODE = YES;
				CLANG_WARN__DUPLICATE_METHOD_MATCH = YES;
				COPY_PHASE_STRIP = NO;
				DEBUG_INFORMATION_FORMAT = "dwarf-with-dsym";
				ENABLE_NS_ASSERTIONS = NO;
				ENABLE_STRICT_OBJC_MSGSEND = YES;
				ENABLE_USER_SCRIPT_SANDBOXING = YES;
				GCC_C_LANGUAGE_STANDARD = gnu17;
				GCC_NO_COMMON_BLOCKS = YES;
				GCC_WARN_64_TO_32_BIT_CONVERSION = YES;
				GCC_WARN_ABOUT_RETURN_TYPE = YES_ERROR;
				GCC_WARN_UNDECLARED_SELECTOR = YES;
				GCC_WARN_UNINITIALIZED_AUTOS = YES_AGGRESSIVE;
				GCC_WARN_UNUSED_FUNCTION = YES;
				GCC_WARN_UNUSED_VARIABLE = YES;
				IPHONEOS_DEPLOYMENT_TARGET = 17.4;
				LOCALIZATION_PREFERS_STRING_CATALOGS = YES;
				MTL_ENABLE_DEBUG_INFO = NO;
				MTL_FAST_MATH = YES;
				SDKROOT = iphoneos;
				SWIFT_COMPILATION_MODE = wholemodule;
				VALIDATE_PRODUCT = YES;
			};
			name = Release;
		};
		B822CA132C6C70C200FAA59E /* Debug */ = {
			isa = XCBuildConfiguration;
			buildSettings = {
				ASSETCATALOG_COMPILER_APPICON_NAME = AppIcon;
				ASSETCATALOG_COMPILER_GLOBAL_ACCENT_COLOR_NAME = AccentColor;
				CODE_SIGN_STYLE = Automatic;
				CURRENT_PROJECT_VERSION = 1;
				DEVELOPMENT_TEAM = 9N9NGPM747;
				GENERATE_INFOPLIST_FILE = YES;
				INFOPLIST_FILE = QuickBite/Info.plist;
				INFOPLIST_KEY_CFBundleDisplayName = "한끼뚝딱";
				INFOPLIST_KEY_UIApplicationSupportsIndirectInputEvents = YES;
				INFOPLIST_KEY_UILaunchStoryboardName = LaunchScreen;
				INFOPLIST_KEY_UISupportedInterfaceOrientations_iPhone = UIInterfaceOrientationPortrait;
				LD_RUNPATH_SEARCH_PATHS = (
					"$(inherited)",
					"@executable_path/Frameworks",
				);
				MARKETING_VERSION = 1.0;
				PRODUCT_BUNDLE_IDENTIFIER = com.yeji.QuickBite;
				PRODUCT_NAME = "$(TARGET_NAME)";
				SUPPORTED_PLATFORMS = "iphoneos iphonesimulator";
				SUPPORTS_MACCATALYST = NO;
				SUPPORTS_MAC_DESIGNED_FOR_IPHONE_IPAD = NO;
				SUPPORTS_XR_DESIGNED_FOR_IPHONE_IPAD = NO;
				SWIFT_EMIT_LOC_STRINGS = YES;
				SWIFT_VERSION = 5.0;
				TARGETED_DEVICE_FAMILY = 1;
			};
			name = Debug;
		};
		B822CA142C6C70C200FAA59E /* Release */ = {
			isa = XCBuildConfiguration;
			buildSettings = {
				ASSETCATALOG_COMPILER_APPICON_NAME = AppIcon;
				ASSETCATALOG_COMPILER_GLOBAL_ACCENT_COLOR_NAME = AccentColor;
				CODE_SIGN_STYLE = Automatic;
				CURRENT_PROJECT_VERSION = 1;
				DEVELOPMENT_TEAM = 9N9NGPM747;
				GENERATE_INFOPLIST_FILE = YES;
				INFOPLIST_FILE = QuickBite/Info.plist;
				INFOPLIST_KEY_CFBundleDisplayName = "한끼뚝딱";
				INFOPLIST_KEY_UIApplicationSupportsIndirectInputEvents = YES;
				INFOPLIST_KEY_UILaunchStoryboardName = LaunchScreen;
				INFOPLIST_KEY_UISupportedInterfaceOrientations_iPhone = UIInterfaceOrientationPortrait;
				LD_RUNPATH_SEARCH_PATHS = (
					"$(inherited)",
					"@executable_path/Frameworks",
				);
				MARKETING_VERSION = 1.0;
				PRODUCT_BUNDLE_IDENTIFIER = com.yeji.QuickBite;
				PRODUCT_NAME = "$(TARGET_NAME)";
				SUPPORTED_PLATFORMS = "iphoneos iphonesimulator";
				SUPPORTS_MACCATALYST = NO;
				SUPPORTS_MAC_DESIGNED_FOR_IPHONE_IPAD = NO;
				SUPPORTS_XR_DESIGNED_FOR_IPHONE_IPAD = NO;
				SWIFT_EMIT_LOC_STRINGS = YES;
				SWIFT_VERSION = 5.0;
				TARGETED_DEVICE_FAMILY = 1;
			};
			name = Release;
		};
/* End XCBuildConfiguration section */

/* Begin XCConfigurationList section */
		B822C9F92C6C70C000FAA59E /* Build configuration list for PBXProject "QuickBite" */ = {
			isa = XCConfigurationList;
			buildConfigurations = (
				B822CA102C6C70C200FAA59E /* Debug */,
				B822CA112C6C70C200FAA59E /* Release */,
			);
			defaultConfigurationIsVisible = 0;
			defaultConfigurationName = Release;
		};
		B822CA122C6C70C200FAA59E /* Build configuration list for PBXNativeTarget "QuickBite" */ = {
			isa = XCConfigurationList;
			buildConfigurations = (
				B822CA132C6C70C200FAA59E /* Debug */,
				B822CA142C6C70C200FAA59E /* Release */,
			);
			defaultConfigurationIsVisible = 0;
			defaultConfigurationName = Release;
		};
/* End XCConfigurationList section */

/* Begin XCRemoteSwiftPackageReference section */
		B822CA192C6C71B000FAA59E /* XCRemoteSwiftPackageReference "Alamofire" */ = {
			isa = XCRemoteSwiftPackageReference;
			repositoryURL = "https://github.com/Alamofire/Alamofire.git";
			requirement = {
				kind = upToNextMajorVersion;
				minimumVersion = 5.9.1;
			};
		};
		B822CA1C2C6C71BD00FAA59E /* XCRemoteSwiftPackageReference "Kingfisher" */ = {
			isa = XCRemoteSwiftPackageReference;
			repositoryURL = "https://github.com/onevcat/Kingfisher";
			requirement = {
				kind = upToNextMajorVersion;
				minimumVersion = 7.12.0;
			};
		};
		B822CA1F2C6C71C500FAA59E /* XCRemoteSwiftPackageReference "Toast-Swift" */ = {
			isa = XCRemoteSwiftPackageReference;
			repositoryURL = "https://github.com/scalessec/Toast-Swift.git";
			requirement = {
				kind = upToNextMajorVersion;
				minimumVersion = 5.1.1;
			};
		};
		B822CA222C6C71D800FAA59E /* XCRemoteSwiftPackageReference "RxSwift" */ = {
			isa = XCRemoteSwiftPackageReference;
			repositoryURL = "https://github.com/ReactiveX/RxSwift.git";
			requirement = {
				kind = upToNextMajorVersion;
				minimumVersion = 6.7.1;
			};
		};
		B822CA292C6C71ED00FAA59E /* XCRemoteSwiftPackageReference "RxDataSources" */ = {
			isa = XCRemoteSwiftPackageReference;
			repositoryURL = "https://github.com/RxSwiftCommunity/RxDataSources.git";
			requirement = {
				kind = upToNextMajorVersion;
				minimumVersion = 5.0.2;
			};
		};
		B822CA2E2C6C71F700FAA59E /* XCRemoteSwiftPackageReference "IQKeyboardManager" */ = {
			isa = XCRemoteSwiftPackageReference;
			repositoryURL = "https://github.com/hackiftekhar/IQKeyboardManager";
			requirement = {
				kind = upToNextMajorVersion;
				minimumVersion = 7.1.1;
			};
		};
		B822CA4D2C6C7A1800FAA59E /* XCRemoteSwiftPackageReference "SnapKit" */ = {
			isa = XCRemoteSwiftPackageReference;
			repositoryURL = "https://github.com/SnapKit/SnapKit.git";
			requirement = {
				kind = upToNextMajorVersion;
				minimumVersion = 5.7.1;
			};
		};
		B822CA7F2C6D9A8700FAA59E /* XCRemoteSwiftPackageReference "Moya" */ = {
			isa = XCRemoteSwiftPackageReference;
			repositoryURL = "https://github.com/Moya/Moya.git";
			requirement = {
				kind = upToNextMajorVersion;
				minimumVersion = 15.0.3;
			};
		};
/* End XCRemoteSwiftPackageReference section */

/* Begin XCSwiftPackageProductDependency section */
		B822CA1A2C6C71B000FAA59E /* Alamofire */ = {
			isa = XCSwiftPackageProductDependency;
			package = B822CA192C6C71B000FAA59E /* XCRemoteSwiftPackageReference "Alamofire" */;
			productName = Alamofire;
		};
		B822CA1D2C6C71BD00FAA59E /* Kingfisher */ = {
			isa = XCSwiftPackageProductDependency;
			package = B822CA1C2C6C71BD00FAA59E /* XCRemoteSwiftPackageReference "Kingfisher" */;
			productName = Kingfisher;
		};
		B822CA202C6C71C500FAA59E /* Toast */ = {
			isa = XCSwiftPackageProductDependency;
			package = B822CA1F2C6C71C500FAA59E /* XCRemoteSwiftPackageReference "Toast-Swift" */;
			productName = Toast;
		};
		B822CA232C6C71D800FAA59E /* RxCocoa */ = {
			isa = XCSwiftPackageProductDependency;
			package = B822CA222C6C71D800FAA59E /* XCRemoteSwiftPackageReference "RxSwift" */;
			productName = RxCocoa;
		};
		B822CA252C6C71D800FAA59E /* RxRelay */ = {
			isa = XCSwiftPackageProductDependency;
			package = B822CA222C6C71D800FAA59E /* XCRemoteSwiftPackageReference "RxSwift" */;
			productName = RxRelay;
		};
		B822CA272C6C71D800FAA59E /* RxSwift */ = {
			isa = XCSwiftPackageProductDependency;
			package = B822CA222C6C71D800FAA59E /* XCRemoteSwiftPackageReference "RxSwift" */;
			productName = RxSwift;
		};
		B822CA2A2C6C71ED00FAA59E /* Differentiator */ = {
			isa = XCSwiftPackageProductDependency;
			package = B822CA292C6C71ED00FAA59E /* XCRemoteSwiftPackageReference "RxDataSources" */;
			productName = Differentiator;
		};
		B822CA2C2C6C71ED00FAA59E /* RxDataSources */ = {
			isa = XCSwiftPackageProductDependency;
			package = B822CA292C6C71ED00FAA59E /* XCRemoteSwiftPackageReference "RxDataSources" */;
			productName = RxDataSources;
		};
		B822CA2F2C6C71F700FAA59E /* IQKeyboardManagerSwift */ = {
			isa = XCSwiftPackageProductDependency;
			package = B822CA2E2C6C71F700FAA59E /* XCRemoteSwiftPackageReference "IQKeyboardManager" */;
			productName = IQKeyboardManagerSwift;
		};
		B822CA4E2C6C7A1800FAA59E /* SnapKit */ = {
			isa = XCSwiftPackageProductDependency;
			package = B822CA4D2C6C7A1800FAA59E /* XCRemoteSwiftPackageReference "SnapKit" */;
			productName = SnapKit;
		};
		B822CA802C6D9A8700FAA59E /* Moya */ = {
			isa = XCSwiftPackageProductDependency;
			package = B822CA7F2C6D9A8700FAA59E /* XCRemoteSwiftPackageReference "Moya" */;
			productName = Moya;
		};
/* End XCSwiftPackageProductDependency section */
	};
	rootObject = B822C9F62C6C70C000FAA59E /* Project object */;
}
